
Microsoft Visual Studio Solution File, Format Version 12.00
# Visual Studio Version 16
VisualStudioVersion = 16.0.29424.173
MinimumVisualStudioVersion = 10.0.40219.1
Project("{9A19103F-16F7-4668-BE54-9A1E7A4F7556}") = "Repayabl", "Repayabl\Repayabl.csproj", "{455BAA9D-F652-4EBC-96B7-D947113EE542}"
EndProject
Project("{9A19103F-16F7-4668-BE54-9A1E7A4F7556}") = "RepayablWebApp", "RepayablWebApp\RepayablWebApp.csproj", "{88A239A1-712C-4E30-88C2-F0ACB69ACDB2}"
EndProject
Project("{9A19103F-16F7-4668-BE54-9A1E7A4F7556}") = "RepayablApi", "RepayablApi\RepayablApi.csproj", "{DD515830-D31E-4333-92EC-FAC59D8FB980}"
EndProject
Project("{D954291E-2A0B-460D-934E-DC6B0785DB48}") = "RepayablClient.Shared", "RepayablClient\RepayablClient.Shared\RepayablClient.Shared.shproj", "{6279C845-92F8-4333-AB99-3D213163593C}"
EndProject
Project("{FAE04EC0-301F-11D3-BF4B-00C04F79EFBC}") = "RepayablClient.Droid", "RepayablClient\RepayablClient.Droid\RepayablClient.Droid.csproj", "{8CECBF14-B8DD-4C07-8DA1-F42A5813D447}"
EndProject
Project("{FAE04EC0-301F-11D3-BF4B-00C04F79EFBC}") = "RepayablClient.iOS", "RepayablClient\RepayablClient.iOS\RepayablClient.iOS.csproj", "{BDA7F522-8E0D-4BB9-B9B9-DDAD5AAA3971}"
EndProject
Project("{FAE04EC0-301F-11D3-BF4B-00C04F79EFBC}") = "RepayablClient.UWP", "RepayablClient\RepayablClient.UWP\RepayablClient.UWP.csproj", "{87E5B786-6566-4F21-B366-9C10464F729D}"
EndProject
Project("{FAE04EC0-301F-11D3-BF4B-00C04F79EFBC}") = "RepayablClient.Wasm", "RepayablClient\RepayablClient.Wasm\RepayablClient.Wasm.csproj", "{DE679F12-DF66-4753-A0B1-9E2AF25FB6A1}"
EndProject
Global
	GlobalSection(SharedMSBuildProjectFiles) = preSolution
		RepayablClient\RepayablClient.Shared\RepayablClient.Shared.projitems*{6279c845-92f8-4333-ab99-3d213163593c}*SharedItemsImports = 13
		RepayablClient\RepayablClient.Shared\RepayablClient.Shared.projitems*{de679f12-df66-4753-a0b1-9e2af25fb6a1}*SharedItemsImports = 5
	EndGlobalSection
	GlobalSection(SolutionConfigurationPlatforms) = preSolution
		Ad-Hoc|Any CPU = Ad-Hoc|Any CPU
		Ad-Hoc|ARM = Ad-Hoc|ARM
		Ad-Hoc|iPhone = Ad-Hoc|iPhone
		Ad-Hoc|iPhoneSimulator = Ad-Hoc|iPhoneSimulator
		Ad-Hoc|x64 = Ad-Hoc|x64
		Ad-Hoc|x86 = Ad-Hoc|x86
		AppStore|Any CPU = AppStore|Any CPU
		AppStore|ARM = AppStore|ARM
		AppStore|iPhone = AppStore|iPhone
		AppStore|iPhoneSimulator = AppStore|iPhoneSimulator
		AppStore|x64 = AppStore|x64
		AppStore|x86 = AppStore|x86
		Debug|Any CPU = Debug|Any CPU
		Debug|ARM = Debug|ARM
		Debug|iPhone = Debug|iPhone
		Debug|iPhoneSimulator = Debug|iPhoneSimulator
		Debug|x64 = Debug|x64
		Debug|x86 = Debug|x86
		Release|Any CPU = Release|Any CPU
		Release|ARM = Release|ARM
		Release|iPhone = Release|iPhone
		Release|iPhoneSimulator = Release|iPhoneSimulator
		Release|x64 = Release|x64
		Release|x86 = Release|x86
	EndGlobalSection
	GlobalSection(ProjectConfigurationPlatforms) = postSolution
		{455BAA9D-F652-4EBC-96B7-D947113EE542}.Ad-Hoc|Any CPU.ActiveCfg = Release|Any CPU
		{455BAA9D-F652-4EBC-96B7-D947113EE542}.Ad-Hoc|Any CPU.Build.0 = Release|Any CPU
		{455BAA9D-F652-4EBC-96B7-D947113EE542}.Ad-Hoc|ARM.ActiveCfg = Release|Any CPU
		{455BAA9D-F652-4EBC-96B7-D947113EE542}.Ad-Hoc|ARM.Build.0 = Release|Any CPU
		{455BAA9D-F652-4EBC-96B7-D947113EE542}.Ad-Hoc|iPhone.ActiveCfg = Release|Any CPU
		{455BAA9D-F652-4EBC-96B7-D947113EE542}.Ad-Hoc|iPhone.Build.0 = Release|Any CPU
		{455BAA9D-F652-4EBC-96B7-D947113EE542}.Ad-Hoc|iPhoneSimulator.ActiveCfg = Release|Any CPU
		{455BAA9D-F652-4EBC-96B7-D947113EE542}.Ad-Hoc|iPhoneSimulator.Build.0 = Release|Any CPU
		{455BAA9D-F652-4EBC-96B7-D947113EE542}.Ad-Hoc|x64.ActiveCfg = Release|Any CPU
		{455BAA9D-F652-4EBC-96B7-D947113EE542}.Ad-Hoc|x64.Build.0 = Release|Any CPU
		{455BAA9D-F652-4EBC-96B7-D947113EE542}.Ad-Hoc|x86.ActiveCfg = Release|Any CPU
		{455BAA9D-F652-4EBC-96B7-D947113EE542}.Ad-Hoc|x86.Build.0 = Release|Any CPU
		{455BAA9D-F652-4EBC-96B7-D947113EE542}.AppStore|Any CPU.ActiveCfg = Release|Any CPU
		{455BAA9D-F652-4EBC-96B7-D947113EE542}.AppStore|Any CPU.Build.0 = Release|Any CPU
		{455BAA9D-F652-4EBC-96B7-D947113EE542}.AppStore|ARM.ActiveCfg = Release|Any CPU
		{455BAA9D-F652-4EBC-96B7-D947113EE542}.AppStore|ARM.Build.0 = Release|Any CPU
		{455BAA9D-F652-4EBC-96B7-D947113EE542}.AppStore|iPhone.ActiveCfg = Release|Any CPU
		{455BAA9D-F652-4EBC-96B7-D947113EE542}.AppStore|iPhone.Build.0 = Release|Any CPU
		{455BAA9D-F652-4EBC-96B7-D947113EE542}.AppStore|iPhoneSimulator.ActiveCfg = Release|Any CPU
		{455BAA9D-F652-4EBC-96B7-D947113EE542}.AppStore|iPhoneSimulator.Build.0 = Release|Any CPU
		{455BAA9D-F652-4EBC-96B7-D947113EE542}.AppStore|x64.ActiveCfg = Release|Any CPU
		{455BAA9D-F652-4EBC-96B7-D947113EE542}.AppStore|x64.Build.0 = Release|Any CPU
		{455BAA9D-F652-4EBC-96B7-D947113EE542}.AppStore|x86.ActiveCfg = Release|Any CPU
		{455BAA9D-F652-4EBC-96B7-D947113EE542}.AppStore|x86.Build.0 = Release|Any CPU
		{455BAA9D-F652-4EBC-96B7-D947113EE542}.Debug|Any CPU.ActiveCfg = Debug|Any CPU
		{455BAA9D-F652-4EBC-96B7-D947113EE542}.Debug|Any CPU.Build.0 = Debug|Any CPU
		{455BAA9D-F652-4EBC-96B7-D947113EE542}.Debug|ARM.ActiveCfg = Debug|Any CPU
		{455BAA9D-F652-4EBC-96B7-D947113EE542}.Debug|ARM.Build.0 = Debug|Any CPU
		{455BAA9D-F652-4EBC-96B7-D947113EE542}.Debug|iPhone.ActiveCfg = Debug|Any CPU
		{455BAA9D-F652-4EBC-96B7-D947113EE542}.Debug|iPhone.Build.0 = Debug|Any CPU
		{455BAA9D-F652-4EBC-96B7-D947113EE542}.Debug|iPhoneSimulator.ActiveCfg = Debug|Any CPU
		{455BAA9D-F652-4EBC-96B7-D947113EE542}.Debug|iPhoneSimulator.Build.0 = Debug|Any CPU
		{455BAA9D-F652-4EBC-96B7-D947113EE542}.Debug|x64.ActiveCfg = Debug|Any CPU
		{455BAA9D-F652-4EBC-96B7-D947113EE542}.Debug|x64.Build.0 = Debug|Any CPU
		{455BAA9D-F652-4EBC-96B7-D947113EE542}.Debug|x86.ActiveCfg = Debug|Any CPU
		{455BAA9D-F652-4EBC-96B7-D947113EE542}.Debug|x86.Build.0 = Debug|Any CPU
		{455BAA9D-F652-4EBC-96B7-D947113EE542}.Release|Any CPU.ActiveCfg = Release|Any CPU
		{455BAA9D-F652-4EBC-96B7-D947113EE542}.Release|Any CPU.Build.0 = Release|Any CPU
		{455BAA9D-F652-4EBC-96B7-D947113EE542}.Release|ARM.ActiveCfg = Release|Any CPU
		{455BAA9D-F652-4EBC-96B7-D947113EE542}.Release|ARM.Build.0 = Release|Any CPU
		{455BAA9D-F652-4EBC-96B7-D947113EE542}.Release|iPhone.ActiveCfg = Release|Any CPU
		{455BAA9D-F652-4EBC-96B7-D947113EE542}.Release|iPhone.Build.0 = Release|Any CPU
		{455BAA9D-F652-4EBC-96B7-D947113EE542}.Release|iPhoneSimulator.ActiveCfg = Release|Any CPU
		{455BAA9D-F652-4EBC-96B7-D947113EE542}.Release|iPhoneSimulator.Build.0 = Release|Any CPU
		{455BAA9D-F652-4EBC-96B7-D947113EE542}.Release|x64.ActiveCfg = Release|Any CPU
		{455BAA9D-F652-4EBC-96B7-D947113EE542}.Release|x64.Build.0 = Release|Any CPU
		{455BAA9D-F652-4EBC-96B7-D947113EE542}.Release|x86.ActiveCfg = Release|Any CPU
		{455BAA9D-F652-4EBC-96B7-D947113EE542}.Release|x86.Build.0 = Release|Any CPU
		{88A239A1-712C-4E30-88C2-F0ACB69ACDB2}.Ad-Hoc|Any CPU.ActiveCfg = Release|Any CPU
		{88A239A1-712C-4E30-88C2-F0ACB69ACDB2}.Ad-Hoc|Any CPU.Build.0 = Release|Any CPU
		{88A239A1-712C-4E30-88C2-F0ACB69ACDB2}.Ad-Hoc|ARM.ActiveCfg = Release|Any CPU
		{88A239A1-712C-4E30-88C2-F0ACB69ACDB2}.Ad-Hoc|ARM.Build.0 = Release|Any CPU
		{88A239A1-712C-4E30-88C2-F0ACB69ACDB2}.Ad-Hoc|iPhone.ActiveCfg = Release|Any CPU
		{88A239A1-712C-4E30-88C2-F0ACB69ACDB2}.Ad-Hoc|iPhone.Build.0 = Release|Any CPU
		{88A239A1-712C-4E30-88C2-F0ACB69ACDB2}.Ad-Hoc|iPhoneSimulator.ActiveCfg = Release|Any CPU
		{88A239A1-712C-4E30-88C2-F0ACB69ACDB2}.Ad-Hoc|iPhoneSimulator.Build.0 = Release|Any CPU
		{88A239A1-712C-4E30-88C2-F0ACB69ACDB2}.Ad-Hoc|x64.ActiveCfg = Release|Any CPU
		{88A239A1-712C-4E30-88C2-F0ACB69ACDB2}.Ad-Hoc|x64.Build.0 = Release|Any CPU
		{88A239A1-712C-4E30-88C2-F0ACB69ACDB2}.Ad-Hoc|x86.ActiveCfg = Release|Any CPU
		{88A239A1-712C-4E30-88C2-F0ACB69ACDB2}.Ad-Hoc|x86.Build.0 = Release|Any CPU
		{88A239A1-712C-4E30-88C2-F0ACB69ACDB2}.AppStore|Any CPU.ActiveCfg = Release|Any CPU
		{88A239A1-712C-4E30-88C2-F0ACB69ACDB2}.AppStore|Any CPU.Build.0 = Release|Any CPU
		{88A239A1-712C-4E30-88C2-F0ACB69ACDB2}.AppStore|ARM.ActiveCfg = Release|Any CPU
		{88A239A1-712C-4E30-88C2-F0ACB69ACDB2}.AppStore|ARM.Build.0 = Release|Any CPU
		{88A239A1-712C-4E30-88C2-F0ACB69ACDB2}.AppStore|iPhone.ActiveCfg = Release|Any CPU
		{88A239A1-712C-4E30-88C2-F0ACB69ACDB2}.AppStore|iPhone.Build.0 = Release|Any CPU
		{88A239A1-712C-4E30-88C2-F0ACB69ACDB2}.AppStore|iPhoneSimulator.ActiveCfg = Release|Any CPU
		{88A239A1-712C-4E30-88C2-F0ACB69ACDB2}.AppStore|iPhoneSimulator.Build.0 = Release|Any CPU
		{88A239A1-712C-4E30-88C2-F0ACB69ACDB2}.AppStore|x64.ActiveCfg = Release|Any CPU
		{88A239A1-712C-4E30-88C2-F0ACB69ACDB2}.AppStore|x64.Build.0 = Release|Any CPU
		{88A239A1-712C-4E30-88C2-F0ACB69ACDB2}.AppStore|x86.ActiveCfg = Release|Any CPU
		{88A239A1-712C-4E30-88C2-F0ACB69ACDB2}.AppStore|x86.Build.0 = Release|Any CPU
		{88A239A1-712C-4E30-88C2-F0ACB69ACDB2}.Debug|Any CPU.ActiveCfg = Debug|Any CPU
		{88A239A1-712C-4E30-88C2-F0ACB69ACDB2}.Debug|Any CPU.Build.0 = Debug|Any CPU
		{88A239A1-712C-4E30-88C2-F0ACB69ACDB2}.Debug|ARM.ActiveCfg = Debug|Any CPU
		{88A239A1-712C-4E30-88C2-F0ACB69ACDB2}.Debug|ARM.Build.0 = Debug|Any CPU
		{88A239A1-712C-4E30-88C2-F0ACB69ACDB2}.Debug|iPhone.ActiveCfg = Debug|Any CPU
		{88A239A1-712C-4E30-88C2-F0ACB69ACDB2}.Debug|iPhone.Build.0 = Debug|Any CPU
		{88A239A1-712C-4E30-88C2-F0ACB69ACDB2}.Debug|iPhoneSimulator.ActiveCfg = Debug|Any CPU
		{88A239A1-712C-4E30-88C2-F0ACB69ACDB2}.Debug|iPhoneSimulator.Build.0 = Debug|Any CPU
		{88A239A1-712C-4E30-88C2-F0ACB69ACDB2}.Debug|x64.ActiveCfg = Debug|Any CPU
		{88A239A1-712C-4E30-88C2-F0ACB69ACDB2}.Debug|x64.Build.0 = Debug|Any CPU
		{88A239A1-712C-4E30-88C2-F0ACB69ACDB2}.Debug|x86.ActiveCfg = Debug|Any CPU
		{88A239A1-712C-4E30-88C2-F0ACB69ACDB2}.Debug|x86.Build.0 = Debug|Any CPU
		{88A239A1-712C-4E30-88C2-F0ACB69ACDB2}.Release|Any CPU.ActiveCfg = Release|Any CPU
		{88A239A1-712C-4E30-88C2-F0ACB69ACDB2}.Release|Any CPU.Build.0 = Release|Any CPU
		{88A239A1-712C-4E30-88C2-F0ACB69ACDB2}.Release|ARM.ActiveCfg = Release|Any CPU
		{88A239A1-712C-4E30-88C2-F0ACB69ACDB2}.Release|ARM.Build.0 = Release|Any CPU
		{88A239A1-712C-4E30-88C2-F0ACB69ACDB2}.Release|iPhone.ActiveCfg = Release|Any CPU
		{88A239A1-712C-4E30-88C2-F0ACB69ACDB2}.Release|iPhone.Build.0 = Release|Any CPU
		{88A239A1-712C-4E30-88C2-F0ACB69ACDB2}.Release|iPhoneSimulator.ActiveCfg = Release|Any CPU
		{88A239A1-712C-4E30-88C2-F0ACB69ACDB2}.Release|iPhoneSimulator.Build.0 = Release|Any CPU
		{88A239A1-712C-4E30-88C2-F0ACB69ACDB2}.Release|x64.ActiveCfg = Release|Any CPU
		{88A239A1-712C-4E30-88C2-F0ACB69ACDB2}.Release|x64.Build.0 = Release|Any CPU
		{88A239A1-712C-4E30-88C2-F0ACB69ACDB2}.Release|x86.ActiveCfg = Release|Any CPU
		{88A239A1-712C-4E30-88C2-F0ACB69ACDB2}.Release|x86.Build.0 = Release|Any CPU
		{DD515830-D31E-4333-92EC-FAC59D8FB980}.Ad-Hoc|Any CPU.ActiveCfg = Release|Any CPU
		{DD515830-D31E-4333-92EC-FAC59D8FB980}.Ad-Hoc|Any CPU.Build.0 = Release|Any CPU
		{DD515830-D31E-4333-92EC-FAC59D8FB980}.Ad-Hoc|ARM.ActiveCfg = Release|Any CPU
		{DD515830-D31E-4333-92EC-FAC59D8FB980}.Ad-Hoc|ARM.Build.0 = Release|Any CPU
		{DD515830-D31E-4333-92EC-FAC59D8FB980}.Ad-Hoc|iPhone.ActiveCfg = Release|Any CPU
		{DD515830-D31E-4333-92EC-FAC59D8FB980}.Ad-Hoc|iPhone.Build.0 = Release|Any CPU
		{DD515830-D31E-4333-92EC-FAC59D8FB980}.Ad-Hoc|iPhoneSimulator.ActiveCfg = Release|Any CPU
		{DD515830-D31E-4333-92EC-FAC59D8FB980}.Ad-Hoc|iPhoneSimulator.Build.0 = Release|Any CPU
		{DD515830-D31E-4333-92EC-FAC59D8FB980}.Ad-Hoc|x64.ActiveCfg = Release|Any CPU
		{DD515830-D31E-4333-92EC-FAC59D8FB980}.Ad-Hoc|x64.Build.0 = Release|Any CPU
		{DD515830-D31E-4333-92EC-FAC59D8FB980}.Ad-Hoc|x86.ActiveCfg = Release|Any CPU
		{DD515830-D31E-4333-92EC-FAC59D8FB980}.Ad-Hoc|x86.Build.0 = Release|Any CPU
		{DD515830-D31E-4333-92EC-FAC59D8FB980}.AppStore|Any CPU.ActiveCfg = Release|Any CPU
		{DD515830-D31E-4333-92EC-FAC59D8FB980}.AppStore|Any CPU.Build.0 = Release|Any CPU
		{DD515830-D31E-4333-92EC-FAC59D8FB980}.AppStore|ARM.ActiveCfg = Release|Any CPU
		{DD515830-D31E-4333-92EC-FAC59D8FB980}.AppStore|ARM.Build.0 = Release|Any CPU
		{DD515830-D31E-4333-92EC-FAC59D8FB980}.AppStore|iPhone.ActiveCfg = Release|Any CPU
		{DD515830-D31E-4333-92EC-FAC59D8FB980}.AppStore|iPhone.Build.0 = Release|Any CPU
		{DD515830-D31E-4333-92EC-FAC59D8FB980}.AppStore|iPhoneSimulator.ActiveCfg = Release|Any CPU
		{DD515830-D31E-4333-92EC-FAC59D8FB980}.AppStore|iPhoneSimulator.Build.0 = Release|Any CPU
		{DD515830-D31E-4333-92EC-FAC59D8FB980}.AppStore|x64.ActiveCfg = Release|Any CPU
		{DD515830-D31E-4333-92EC-FAC59D8FB980}.AppStore|x64.Build.0 = Release|Any CPU
		{DD515830-D31E-4333-92EC-FAC59D8FB980}.AppStore|x86.ActiveCfg = Release|Any CPU
		{DD515830-D31E-4333-92EC-FAC59D8FB980}.AppStore|x86.Build.0 = Release|Any CPU
		{DD515830-D31E-4333-92EC-FAC59D8FB980}.Debug|Any CPU.ActiveCfg = Debug|Any CPU
		{DD515830-D31E-4333-92EC-FAC59D8FB980}.Debug|Any CPU.Build.0 = Debug|Any CPU
		{DD515830-D31E-4333-92EC-FAC59D8FB980}.Debug|ARM.ActiveCfg = Debug|Any CPU
		{DD515830-D31E-4333-92EC-FAC59D8FB980}.Debug|ARM.Build.0 = Debug|Any CPU
		{DD515830-D31E-4333-92EC-FAC59D8FB980}.Debug|iPhone.ActiveCfg = Debug|Any CPU
		{DD515830-D31E-4333-92EC-FAC59D8FB980}.Debug|iPhone.Build.0 = Debug|Any CPU
		{DD515830-D31E-4333-92EC-FAC59D8FB980}.Debug|iPhoneSimulator.ActiveCfg = Debug|Any CPU
		{DD515830-D31E-4333-92EC-FAC59D8FB980}.Debug|iPhoneSimulator.Build.0 = Debug|Any CPU
		{DD515830-D31E-4333-92EC-FAC59D8FB980}.Debug|x64.ActiveCfg = Debug|Any CPU
		{DD515830-D31E-4333-92EC-FAC59D8FB980}.Debug|x64.Build.0 = Debug|Any CPU
		{DD515830-D31E-4333-92EC-FAC59D8FB980}.Debug|x86.ActiveCfg = Debug|Any CPU
		{DD515830-D31E-4333-92EC-FAC59D8FB980}.Debug|x86.Build.0 = Debug|Any CPU
		{DD515830-D31E-4333-92EC-FAC59D8FB980}.Release|Any CPU.ActiveCfg = Release|Any CPU
		{DD515830-D31E-4333-92EC-FAC59D8FB980}.Release|Any CPU.Build.0 = Release|Any CPU
		{DD515830-D31E-4333-92EC-FAC59D8FB980}.Release|ARM.ActiveCfg = Release|Any CPU
		{DD515830-D31E-4333-92EC-FAC59D8FB980}.Release|ARM.Build.0 = Release|Any CPU
		{DD515830-D31E-4333-92EC-FAC59D8FB980}.Release|iPhone.ActiveCfg = Release|Any CPU
		{DD515830-D31E-4333-92EC-FAC59D8FB980}.Release|iPhone.Build.0 = Release|Any CPU
		{DD515830-D31E-4333-92EC-FAC59D8FB980}.Release|iPhoneSimulator.ActiveCfg = Release|Any CPU
		{DD515830-D31E-4333-92EC-FAC59D8FB980}.Release|iPhoneSimulator.Build.0 = Release|Any CPU
		{DD515830-D31E-4333-92EC-FAC59D8FB980}.Release|x64.ActiveCfg = Release|Any CPU
		{DD515830-D31E-4333-92EC-FAC59D8FB980}.Release|x64.Build.0 = Release|Any CPU
		{DD515830-D31E-4333-92EC-FAC59D8FB980}.Release|x86.ActiveCfg = Release|Any CPU
		{DD515830-D31E-4333-92EC-FAC59D8FB980}.Release|x86.Build.0 = Release|Any CPU
		{8CECBF14-B8DD-4C07-8DA1-F42A5813D447}.Ad-Hoc|Any CPU.ActiveCfg = Release|Any CPU
		{8CECBF14-B8DD-4C07-8DA1-F42A5813D447}.Ad-Hoc|Any CPU.Build.0 = Release|Any CPU
		{8CECBF14-B8DD-4C07-8DA1-F42A5813D447}.Ad-Hoc|Any CPU.Deploy.0 = Release|Any CPU
		{8CECBF14-B8DD-4C07-8DA1-F42A5813D447}.Ad-Hoc|ARM.ActiveCfg = Release|Any CPU
		{8CECBF14-B8DD-4C07-8DA1-F42A5813D447}.Ad-Hoc|ARM.Build.0 = Release|Any CPU
		{8CECBF14-B8DD-4C07-8DA1-F42A5813D447}.Ad-Hoc|ARM.Deploy.0 = Release|Any CPU
		{8CECBF14-B8DD-4C07-8DA1-F42A5813D447}.Ad-Hoc|iPhone.ActiveCfg = Release|Any CPU
		{8CECBF14-B8DD-4C07-8DA1-F42A5813D447}.Ad-Hoc|iPhone.Build.0 = Release|Any CPU
		{8CECBF14-B8DD-4C07-8DA1-F42A5813D447}.Ad-Hoc|iPhone.Deploy.0 = Release|Any CPU
		{8CECBF14-B8DD-4C07-8DA1-F42A5813D447}.Ad-Hoc|iPhoneSimulator.ActiveCfg = Release|Any CPU
		{8CECBF14-B8DD-4C07-8DA1-F42A5813D447}.Ad-Hoc|iPhoneSimulator.Build.0 = Release|Any CPU
		{8CECBF14-B8DD-4C07-8DA1-F42A5813D447}.Ad-Hoc|iPhoneSimulator.Deploy.0 = Release|Any CPU
		{8CECBF14-B8DD-4C07-8DA1-F42A5813D447}.Ad-Hoc|x64.ActiveCfg = Release|Any CPU
		{8CECBF14-B8DD-4C07-8DA1-F42A5813D447}.Ad-Hoc|x64.Build.0 = Release|Any CPU
		{8CECBF14-B8DD-4C07-8DA1-F42A5813D447}.Ad-Hoc|x64.Deploy.0 = Release|Any CPU
		{8CECBF14-B8DD-4C07-8DA1-F42A5813D447}.Ad-Hoc|x86.ActiveCfg = Release|Any CPU
		{8CECBF14-B8DD-4C07-8DA1-F42A5813D447}.Ad-Hoc|x86.Build.0 = Release|Any CPU
		{8CECBF14-B8DD-4C07-8DA1-F42A5813D447}.Ad-Hoc|x86.Deploy.0 = Release|Any CPU
		{8CECBF14-B8DD-4C07-8DA1-F42A5813D447}.AppStore|Any CPU.ActiveCfg = Release|Any CPU
		{8CECBF14-B8DD-4C07-8DA1-F42A5813D447}.AppStore|Any CPU.Build.0 = Release|Any CPU
		{8CECBF14-B8DD-4C07-8DA1-F42A5813D447}.AppStore|Any CPU.Deploy.0 = Release|Any CPU
		{8CECBF14-B8DD-4C07-8DA1-F42A5813D447}.AppStore|ARM.ActiveCfg = Release|Any CPU
		{8CECBF14-B8DD-4C07-8DA1-F42A5813D447}.AppStore|ARM.Build.0 = Release|Any CPU
		{8CECBF14-B8DD-4C07-8DA1-F42A5813D447}.AppStore|ARM.Deploy.0 = Release|Any CPU
		{8CECBF14-B8DD-4C07-8DA1-F42A5813D447}.AppStore|iPhone.ActiveCfg = Release|Any CPU
		{8CECBF14-B8DD-4C07-8DA1-F42A5813D447}.AppStore|iPhone.Build.0 = Release|Any CPU
		{8CECBF14-B8DD-4C07-8DA1-F42A5813D447}.AppStore|iPhone.Deploy.0 = Release|Any CPU
		{8CECBF14-B8DD-4C07-8DA1-F42A5813D447}.AppStore|iPhoneSimulator.ActiveCfg = Release|Any CPU
		{8CECBF14-B8DD-4C07-8DA1-F42A5813D447}.AppStore|iPhoneSimulator.Build.0 = Release|Any CPU
		{8CECBF14-B8DD-4C07-8DA1-F42A5813D447}.AppStore|iPhoneSimulator.Deploy.0 = Release|Any CPU
		{8CECBF14-B8DD-4C07-8DA1-F42A5813D447}.AppStore|x64.ActiveCfg = Release|Any CPU
		{8CECBF14-B8DD-4C07-8DA1-F42A5813D447}.AppStore|x64.Build.0 = Release|Any CPU
		{8CECBF14-B8DD-4C07-8DA1-F42A5813D447}.AppStore|x64.Deploy.0 = Release|Any CPU
		{8CECBF14-B8DD-4C07-8DA1-F42A5813D447}.AppStore|x86.ActiveCfg = Release|Any CPU
		{8CECBF14-B8DD-4C07-8DA1-F42A5813D447}.AppStore|x86.Build.0 = Release|Any CPU
		{8CECBF14-B8DD-4C07-8DA1-F42A5813D447}.AppStore|x86.Deploy.0 = Release|Any CPU
		{8CECBF14-B8DD-4C07-8DA1-F42A5813D447}.Debug|Any CPU.ActiveCfg = Debug|Any CPU
		{8CECBF14-B8DD-4C07-8DA1-F42A5813D447}.Debug|Any CPU.Build.0 = Debug|Any CPU
		{8CECBF14-B8DD-4C07-8DA1-F42A5813D447}.Debug|Any CPU.Deploy.0 = Debug|Any CPU
		{8CECBF14-B8DD-4C07-8DA1-F42A5813D447}.Debug|ARM.ActiveCfg = Debug|Any CPU
		{8CECBF14-B8DD-4C07-8DA1-F42A5813D447}.Debug|ARM.Build.0 = Debug|Any CPU
		{8CECBF14-B8DD-4C07-8DA1-F42A5813D447}.Debug|ARM.Deploy.0 = Debug|Any CPU
		{8CECBF14-B8DD-4C07-8DA1-F42A5813D447}.Debug|iPhone.ActiveCfg = Debug|Any CPU
		{8CECBF14-B8DD-4C07-8DA1-F42A5813D447}.Debug|iPhone.Build.0 = Debug|Any CPU
		{8CECBF14-B8DD-4C07-8DA1-F42A5813D447}.Debug|iPhone.Deploy.0 = Debug|Any CPU
		{8CECBF14-B8DD-4C07-8DA1-F42A5813D447}.Debug|iPhoneSimulator.ActiveCfg = Debug|Any CPU
		{8CECBF14-B8DD-4C07-8DA1-F42A5813D447}.Debug|iPhoneSimulator.Build.0 = Debug|Any CPU
		{8CECBF14-B8DD-4C07-8DA1-F42A5813D447}.Debug|iPhoneSimulator.Deploy.0 = Debug|Any CPU
		{8CECBF14-B8DD-4C07-8DA1-F42A5813D447}.Debug|x64.ActiveCfg = Debug|Any CPU
		{8CECBF14-B8DD-4C07-8DA1-F42A5813D447}.Debug|x64.Build.0 = Debug|Any CPU
		{8CECBF14-B8DD-4C07-8DA1-F42A5813D447}.Debug|x64.Deploy.0 = Debug|Any CPU
		{8CECBF14-B8DD-4C07-8DA1-F42A5813D447}.Debug|x86.ActiveCfg = Debug|Any CPU
		{8CECBF14-B8DD-4C07-8DA1-F42A5813D447}.Debug|x86.Build.0 = Debug|Any CPU
		{8CECBF14-B8DD-4C07-8DA1-F42A5813D447}.Debug|x86.Deploy.0 = Debug|Any CPU
		{8CECBF14-B8DD-4C07-8DA1-F42A5813D447}.Release|Any CPU.ActiveCfg = Release|Any CPU
		{8CECBF14-B8DD-4C07-8DA1-F42A5813D447}.Release|Any CPU.Build.0 = Release|Any CPU
		{8CECBF14-B8DD-4C07-8DA1-F42A5813D447}.Release|Any CPU.Deploy.0 = Release|Any CPU
		{8CECBF14-B8DD-4C07-8DA1-F42A5813D447}.Release|ARM.ActiveCfg = Release|Any CPU
		{8CECBF14-B8DD-4C07-8DA1-F42A5813D447}.Release|ARM.Build.0 = Release|Any CPU
		{8CECBF14-B8DD-4C07-8DA1-F42A5813D447}.Release|ARM.Deploy.0 = Release|Any CPU
		{8CECBF14-B8DD-4C07-8DA1-F42A5813D447}.Release|iPhone.ActiveCfg = Release|Any CPU
		{8CECBF14-B8DD-4C07-8DA1-F42A5813D447}.Release|iPhone.Build.0 = Release|Any CPU
		{8CECBF14-B8DD-4C07-8DA1-F42A5813D447}.Release|iPhone.Deploy.0 = Release|Any CPU
		{8CECBF14-B8DD-4C07-8DA1-F42A5813D447}.Release|iPhoneSimulator.ActiveCfg = Release|Any CPU
		{8CECBF14-B8DD-4C07-8DA1-F42A5813D447}.Release|iPhoneSimulator.Build.0 = Release|Any CPU
		{8CECBF14-B8DD-4C07-8DA1-F42A5813D447}.Release|iPhoneSimulator.Deploy.0 = Release|Any CPU
		{8CECBF14-B8DD-4C07-8DA1-F42A5813D447}.Release|x64.ActiveCfg = Release|Any CPU
		{8CECBF14-B8DD-4C07-8DA1-F42A5813D447}.Release|x64.Build.0 = Release|Any CPU
		{8CECBF14-B8DD-4C07-8DA1-F42A5813D447}.Release|x64.Deploy.0 = Release|Any CPU
		{8CECBF14-B8DD-4C07-8DA1-F42A5813D447}.Release|x86.ActiveCfg = Release|Any CPU
		{8CECBF14-B8DD-4C07-8DA1-F42A5813D447}.Release|x86.Build.0 = Release|Any CPU
		{8CECBF14-B8DD-4C07-8DA1-F42A5813D447}.Release|x86.Deploy.0 = Release|Any CPU
		{BDA7F522-8E0D-4BB9-B9B9-DDAD5AAA3971}.Ad-Hoc|Any CPU.ActiveCfg = Ad-Hoc|iPhone
		{BDA7F522-8E0D-4BB9-B9B9-DDAD5AAA3971}.Ad-Hoc|ARM.ActiveCfg = Ad-Hoc|iPhone
		{BDA7F522-8E0D-4BB9-B9B9-DDAD5AAA3971}.Ad-Hoc|iPhone.ActiveCfg = Ad-Hoc|iPhone
		{BDA7F522-8E0D-4BB9-B9B9-DDAD5AAA3971}.Ad-Hoc|iPhone.Build.0 = Ad-Hoc|iPhone
		{BDA7F522-8E0D-4BB9-B9B9-DDAD5AAA3971}.Ad-Hoc|iPhoneSimulator.ActiveCfg = Ad-Hoc|iPhoneSimulator
		{BDA7F522-8E0D-4BB9-B9B9-DDAD5AAA3971}.Ad-Hoc|iPhoneSimulator.Build.0 = Ad-Hoc|iPhoneSimulator
		{BDA7F522-8E0D-4BB9-B9B9-DDAD5AAA3971}.Ad-Hoc|x64.ActiveCfg = Ad-Hoc|iPhone
		{BDA7F522-8E0D-4BB9-B9B9-DDAD5AAA3971}.Ad-Hoc|x86.ActiveCfg = Ad-Hoc|iPhone
		{BDA7F522-8E0D-4BB9-B9B9-DDAD5AAA3971}.AppStore|Any CPU.ActiveCfg = AppStore|iPhone
		{BDA7F522-8E0D-4BB9-B9B9-DDAD5AAA3971}.AppStore|ARM.ActiveCfg = AppStore|iPhone
		{BDA7F522-8E0D-4BB9-B9B9-DDAD5AAA3971}.AppStore|iPhone.ActiveCfg = AppStore|iPhone
		{BDA7F522-8E0D-4BB9-B9B9-DDAD5AAA3971}.AppStore|iPhone.Build.0 = AppStore|iPhone
		{BDA7F522-8E0D-4BB9-B9B9-DDAD5AAA3971}.AppStore|iPhoneSimulator.ActiveCfg = AppStore|iPhoneSimulator
		{BDA7F522-8E0D-4BB9-B9B9-DDAD5AAA3971}.AppStore|iPhoneSimulator.Build.0 = AppStore|iPhoneSimulator
		{BDA7F522-8E0D-4BB9-B9B9-DDAD5AAA3971}.AppStore|x64.ActiveCfg = AppStore|iPhone
		{BDA7F522-8E0D-4BB9-B9B9-DDAD5AAA3971}.AppStore|x86.ActiveCfg = AppStore|iPhone
		{BDA7F522-8E0D-4BB9-B9B9-DDAD5AAA3971}.Debug|Any CPU.ActiveCfg = Debug|iPhone
		{BDA7F522-8E0D-4BB9-B9B9-DDAD5AAA3971}.Debug|ARM.ActiveCfg = Debug|iPhone
		{BDA7F522-8E0D-4BB9-B9B9-DDAD5AAA3971}.Debug|iPhone.ActiveCfg = Debug|iPhone
		{BDA7F522-8E0D-4BB9-B9B9-DDAD5AAA3971}.Debug|iPhone.Build.0 = Debug|iPhone
		{BDA7F522-8E0D-4BB9-B9B9-DDAD5AAA3971}.Debug|iPhoneSimulator.ActiveCfg = Debug|iPhoneSimulator
		{BDA7F522-8E0D-4BB9-B9B9-DDAD5AAA3971}.Debug|iPhoneSimulator.Build.0 = Debug|iPhoneSimulator
		{BDA7F522-8E0D-4BB9-B9B9-DDAD5AAA3971}.Debug|x64.ActiveCfg = Debug|iPhone
		{BDA7F522-8E0D-4BB9-B9B9-DDAD5AAA3971}.Debug|x86.ActiveCfg = Debug|iPhone
		{BDA7F522-8E0D-4BB9-B9B9-DDAD5AAA3971}.Release|Any CPU.ActiveCfg = Release|iPhone
		{BDA7F522-8E0D-4BB9-B9B9-DDAD5AAA3971}.Release|ARM.ActiveCfg = Release|iPhone
		{BDA7F522-8E0D-4BB9-B9B9-DDAD5AAA3971}.Release|iPhone.ActiveCfg = Release|iPhone
		{BDA7F522-8E0D-4BB9-B9B9-DDAD5AAA3971}.Release|iPhone.Build.0 = Release|iPhone
		{BDA7F522-8E0D-4BB9-B9B9-DDAD5AAA3971}.Release|iPhoneSimulator.ActiveCfg = Release|iPhoneSimulator
		{BDA7F522-8E0D-4BB9-B9B9-DDAD5AAA3971}.Release|iPhoneSimulator.Build.0 = Release|iPhoneSimulator
		{BDA7F522-8E0D-4BB9-B9B9-DDAD5AAA3971}.Release|x64.ActiveCfg = Release|iPhone
		{BDA7F522-8E0D-4BB9-B9B9-DDAD5AAA3971}.Release|x86.ActiveCfg = Release|iPhone
		{87E5B786-6566-4F21-B366-9C10464F729D}.Ad-Hoc|Any CPU.ActiveCfg = Release|x64
		{87E5B786-6566-4F21-B366-9C10464F729D}.Ad-Hoc|Any CPU.Build.0 = Release|x64
		{87E5B786-6566-4F21-B366-9C10464F729D}.Ad-Hoc|Any CPU.Deploy.0 = Release|x64
		{87E5B786-6566-4F21-B366-9C10464F729D}.Ad-Hoc|ARM.ActiveCfg = Release|ARM
		{87E5B786-6566-4F21-B366-9C10464F729D}.Ad-Hoc|ARM.Build.0 = Release|ARM
		{87E5B786-6566-4F21-B366-9C10464F729D}.Ad-Hoc|ARM.Deploy.0 = Release|ARM
		{87E5B786-6566-4F21-B366-9C10464F729D}.Ad-Hoc|iPhone.ActiveCfg = Release|x64
		{87E5B786-6566-4F21-B366-9C10464F729D}.Ad-Hoc|iPhone.Build.0 = Release|x64
		{87E5B786-6566-4F21-B366-9C10464F729D}.Ad-Hoc|iPhone.Deploy.0 = Release|x64
		{87E5B786-6566-4F21-B366-9C10464F729D}.Ad-Hoc|iPhoneSimulator.ActiveCfg = Release|x64
		{87E5B786-6566-4F21-B366-9C10464F729D}.Ad-Hoc|iPhoneSimulator.Build.0 = Release|x64
		{87E5B786-6566-4F21-B366-9C10464F729D}.Ad-Hoc|iPhoneSimulator.Deploy.0 = Release|x64
		{87E5B786-6566-4F21-B366-9C10464F729D}.Ad-Hoc|x64.ActiveCfg = Release|x64
		{87E5B786-6566-4F21-B366-9C10464F729D}.Ad-Hoc|x64.Build.0 = Release|x64
		{87E5B786-6566-4F21-B366-9C10464F729D}.Ad-Hoc|x64.Deploy.0 = Release|x64
		{87E5B786-6566-4F21-B366-9C10464F729D}.Ad-Hoc|x86.ActiveCfg = Release|x86
		{87E5B786-6566-4F21-B366-9C10464F729D}.Ad-Hoc|x86.Build.0 = Release|x86
		{87E5B786-6566-4F21-B366-9C10464F729D}.Ad-Hoc|x86.Deploy.0 = Release|x86
		{87E5B786-6566-4F21-B366-9C10464F729D}.AppStore|Any CPU.ActiveCfg = Release|x64
		{87E5B786-6566-4F21-B366-9C10464F729D}.AppStore|Any CPU.Build.0 = Release|x64
		{87E5B786-6566-4F21-B366-9C10464F729D}.AppStore|Any CPU.Deploy.0 = Release|x64
		{87E5B786-6566-4F21-B366-9C10464F729D}.AppStore|ARM.ActiveCfg = Release|ARM
		{87E5B786-6566-4F21-B366-9C10464F729D}.AppStore|ARM.Build.0 = Release|ARM
		{87E5B786-6566-4F21-B366-9C10464F729D}.AppStore|ARM.Deploy.0 = Release|ARM
		{87E5B786-6566-4F21-B366-9C10464F729D}.AppStore|iPhone.ActiveCfg = Release|x64
		{87E5B786-6566-4F21-B366-9C10464F729D}.AppStore|iPhone.Build.0 = Release|x64
		{87E5B786-6566-4F21-B366-9C10464F729D}.AppStore|iPhone.Deploy.0 = Release|x64
		{87E5B786-6566-4F21-B366-9C10464F729D}.AppStore|iPhoneSimulator.ActiveCfg = Release|x64
		{87E5B786-6566-4F21-B366-9C10464F729D}.AppStore|iPhoneSimulator.Build.0 = Release|x64
		{87E5B786-6566-4F21-B366-9C10464F729D}.AppStore|iPhoneSimulator.Deploy.0 = Release|x64
		{87E5B786-6566-4F21-B366-9C10464F729D}.AppStore|x64.ActiveCfg = Release|x64
		{87E5B786-6566-4F21-B366-9C10464F729D}.AppStore|x64.Build.0 = Release|x64
		{87E5B786-6566-4F21-B366-9C10464F729D}.AppStore|x64.Deploy.0 = Release|x64
		{87E5B786-6566-4F21-B366-9C10464F729D}.AppStore|x86.ActiveCfg = Release|x86
		{87E5B786-6566-4F21-B366-9C10464F729D}.AppStore|x86.Build.0 = Release|x86
		{87E5B786-6566-4F21-B366-9C10464F729D}.AppStore|x86.Deploy.0 = Release|x86
		{87E5B786-6566-4F21-B366-9C10464F729D}.Debug|Any CPU.ActiveCfg = Debug|x86
		{87E5B786-6566-4F21-B366-9C10464F729D}.Debug|ARM.ActiveCfg = Debug|ARM
		{87E5B786-6566-4F21-B366-9C10464F729D}.Debug|ARM.Build.0 = Debug|ARM
		{87E5B786-6566-4F21-B366-9C10464F729D}.Debug|ARM.Deploy.0 = Debug|ARM
		{87E5B786-6566-4F21-B366-9C10464F729D}.Debug|iPhone.ActiveCfg = Debug|x86
		{87E5B786-6566-4F21-B366-9C10464F729D}.Debug|iPhoneSimulator.ActiveCfg = Debug|x86
		{87E5B786-6566-4F21-B366-9C10464F729D}.Debug|x64.ActiveCfg = Debug|x64
		{87E5B786-6566-4F21-B366-9C10464F729D}.Debug|x64.Build.0 = Debug|x64
		{87E5B786-6566-4F21-B366-9C10464F729D}.Debug|x64.Deploy.0 = Debug|x64
		{87E5B786-6566-4F21-B366-9C10464F729D}.Debug|x86.ActiveCfg = Debug|x86
		{87E5B786-6566-4F21-B366-9C10464F729D}.Debug|x86.Build.0 = Debug|x86
		{87E5B786-6566-4F21-B366-9C10464F729D}.Debug|x86.Deploy.0 = Debug|x86
		{87E5B786-6566-4F21-B366-9C10464F729D}.Release|Any CPU.ActiveCfg = Release|x86
		{87E5B786-6566-4F21-B366-9C10464F729D}.Release|ARM.ActiveCfg = Release|ARM
		{87E5B786-6566-4F21-B366-9C10464F729D}.Release|ARM.Build.0 = Release|ARM
		{87E5B786-6566-4F21-B366-9C10464F729D}.Release|ARM.Deploy.0 = Release|ARM
		{87E5B786-6566-4F21-B366-9C10464F729D}.Release|iPhone.ActiveCfg = Release|x86
		{87E5B786-6566-4F21-B366-9C10464F729D}.Release|iPhoneSimulator.ActiveCfg = Release|x86
		{87E5B786-6566-4F21-B366-9C10464F729D}.Release|x64.ActiveCfg = Release|x64
		{87E5B786-6566-4F21-B366-9C10464F729D}.Release|x64.Build.0 = Release|x64
		{87E5B786-6566-4F21-B366-9C10464F729D}.Release|x64.Deploy.0 = Release|x64
		{87E5B786-6566-4F21-B366-9C10464F729D}.Release|x86.ActiveCfg = Release|x86
		{87E5B786-6566-4F21-B366-9C10464F729D}.Release|x86.Build.0 = Release|x86
		{87E5B786-6566-4F21-B366-9C10464F729D}.Release|x86.Deploy.0 = Release|x86
		{DE679F12-DF66-4753-A0B1-9E2AF25FB6A1}.Ad-Hoc|Any CPU.ActiveCfg = Debug|Any CPU
		{DE679F12-DF66-4753-A0B1-9E2AF25FB6A1}.Ad-Hoc|Any CPU.Build.0 = Debug|Any CPU
		{DE679F12-DF66-4753-A0B1-9E2AF25FB6A1}.Ad-Hoc|ARM.ActiveCfg = Debug|Any CPU
		{DE679F12-DF66-4753-A0B1-9E2AF25FB6A1}.Ad-Hoc|ARM.Build.0 = Debug|Any CPU
		{DE679F12-DF66-4753-A0B1-9E2AF25FB6A1}.Ad-Hoc|iPhone.ActiveCfg = Debug|Any CPU
		{DE679F12-DF66-4753-A0B1-9E2AF25FB6A1}.Ad-Hoc|iPhone.Build.0 = Debug|Any CPU
		{DE679F12-DF66-4753-A0B1-9E2AF25FB6A1}.Ad-Hoc|iPhoneSimulator.ActiveCfg = Debug|Any CPU
		{DE679F12-DF66-4753-A0B1-9E2AF25FB6A1}.Ad-Hoc|iPhoneSimulator.Build.0 = Debug|Any CPU
		{DE679F12-DF66-4753-A0B1-9E2AF25FB6A1}.Ad-Hoc|x64.ActiveCfg = Debug|Any CPU
		{DE679F12-DF66-4753-A0B1-9E2AF25FB6A1}.Ad-Hoc|x64.Build.0 = Debug|Any CPU
		{DE679F12-DF66-4753-A0B1-9E2AF25FB6A1}.Ad-Hoc|x86.ActiveCfg = Debug|Any CPU
		{DE679F12-DF66-4753-A0B1-9E2AF25FB6A1}.Ad-Hoc|x86.Build.0 = Debug|Any CPU
		{DE679F12-DF66-4753-A0B1-9E2AF25FB6A1}.AppStore|Any CPU.ActiveCfg = Debug|Any CPU
		{DE679F12-DF66-4753-A0B1-9E2AF25FB6A1}.AppStore|Any CPU.Build.0 = Debug|Any CPU
		{DE679F12-DF66-4753-A0B1-9E2AF25FB6A1}.AppStore|ARM.ActiveCfg = Debug|Any CPU
		{DE679F12-DF66-4753-A0B1-9E2AF25FB6A1}.AppStore|ARM.Build.0 = Debug|Any CPU
		{DE679F12-DF66-4753-A0B1-9E2AF25FB6A1}.AppStore|iPhone.ActiveCfg = Debug|Any CPU
		{DE679F12-DF66-4753-A0B1-9E2AF25FB6A1}.AppStore|iPhone.Build.0 = Debug|Any CPU
		{DE679F12-DF66-4753-A0B1-9E2AF25FB6A1}.AppStore|iPhoneSimulator.ActiveCfg = Debug|Any CPU
		{DE679F12-DF66-4753-A0B1-9E2AF25FB6A1}.AppStore|iPhoneSimulator.Build.0 = Debug|Any CPU
		{DE679F12-DF66-4753-A0B1-9E2AF25FB6A1}.AppStore|x64.ActiveCfg = Debug|Any CPU
		{DE679F12-DF66-4753-A0B1-9E2AF25FB6A1}.AppStore|x64.Build.0 = Debug|Any CPU
		{DE679F12-DF66-4753-A0B1-9E2AF25FB6A1}.AppStore|x86.ActiveCfg = Debug|Any CPU
		{DE679F12-DF66-4753-A0B1-9E2AF25FB6A1}.AppStore|x86.Build.0 = Debug|Any CPU
		{DE679F12-DF66-4753-A0B1-9E2AF25FB6A1}.Debug|Any CPU.ActiveCfg = Debug|Any CPU
		{DE679F12-DF66-4753-A0B1-9E2AF25FB6A1}.Debug|Any CPU.Build.0 = Debug|Any CPU
		{DE679F12-DF66-4753-A0B1-9E2AF25FB6A1}.Debug|ARM.ActiveCfg = Debug|Any CPU
		{DE679F12-DF66-4753-A0B1-9E2AF25FB6A1}.Debug|ARM.Build.0 = Debug|Any CPU
		{DE679F12-DF66-4753-A0B1-9E2AF25FB6A1}.Debug|iPhone.ActiveCfg = Debug|Any CPU
		{DE679F12-DF66-4753-A0B1-9E2AF25FB6A1}.Debug|iPhone.Build.0 = Debug|Any CPU
		{DE679F12-DF66-4753-A0B1-9E2AF25FB6A1}.Debug|iPhoneSimulator.ActiveCfg = Debug|Any CPU
		{DE679F12-DF66-4753-A0B1-9E2AF25FB6A1}.Debug|iPhoneSimulator.Build.0 = Debug|Any CPU
		{DE679F12-DF66-4753-A0B1-9E2AF25FB6A1}.Debug|x64.ActiveCfg = Debug|Any CPU
		{DE679F12-DF66-4753-A0B1-9E2AF25FB6A1}.Debug|x64.Build.0 = Debug|Any CPU
		{DE679F12-DF66-4753-A0B1-9E2AF25FB6A1}.Debug|x86.ActiveCfg = Debug|Any CPU
		{DE679F12-DF66-4753-A0B1-9E2AF25FB6A1}.Debug|x86.Build.0 = Debug|Any CPU
		{DE679F12-DF66-4753-A0B1-9E2AF25FB6A1}.Release|Any CPU.ActiveCfg = Release|Any CPU
		{DE679F12-DF66-4753-A0B1-9E2AF25FB6A1}.Release|Any CPU.Build.0 = Release|Any CPU
		{DE679F12-DF66-4753-A0B1-9E2AF25FB6A1}.Release|ARM.ActiveCfg = Release|Any CPU
		{DE679F12-DF66-4753-A0B1-9E2AF25FB6A1}.Release|ARM.Build.0 = Release|Any CPU
		{DE679F12-DF66-4753-A0B1-9E2AF25FB6A1}.Release|iPhone.ActiveCfg = Release|Any CPU
		{DE679F12-DF66-4753-A0B1-9E2AF25FB6A1}.Release|iPhone.Build.0 = Release|Any CPU
		{DE679F12-DF66-4753-A0B1-9E2AF25FB6A1}.Release|iPhoneSimulator.ActiveCfg = Release|Any CPU
		{DE679F12-DF66-4753-A0B1-9E2AF25FB6A1}.Release|iPhoneSimulator.Build.0 = Release|Any CPU
		{DE679F12-DF66-4753-A0B1-9E2AF25FB6A1}.Release|x64.ActiveCfg = Release|Any CPU
		{DE679F12-DF66-4753-A0B1-9E2AF25FB6A1}.Release|x64.Build.0 = Release|Any CPU
		{DE679F12-DF66-4753-A0B1-9E2AF25FB6A1}.Release|x86.ActiveCfg = Release|Any CPU
		{DE679F12-DF66-4753-A0B1-9E2AF25FB6A1}.Release|x86.Build.0 = Release|Any CPU
	EndGlobalSection
	GlobalSection(SolutionProperties) = preSolution
		HideSolutionNode = FALSE
	EndGlobalSection
	GlobalSection(ExtensibilityGlobals) = postSolution
		SolutionGuid = {466FE89F-A8A8-48D7-8BA9-1CC6F7B325C7}
	EndGlobalSection
EndGlobal
