
Microsoft Visual Studio Solution File, Format Version 12.00
# Visual Studio Version 16
VisualStudioVersion = 16.0.29424.173
MinimumVisualStudioVersion = 10.0.40219.1
Project("{9A19103F-16F7-4668-BE54-9A1E7A4F7556}") = "RepayablCoreApi", "Repayabl\RepayablCoreApi.csproj", "{455BAA9D-F652-4EBC-96B7-D947113EE542}"
EndProject
Project("{9A19103F-16F7-4668-BE54-9A1E7A4F7556}") = "RepayablWebApp", "RepayablWebApp\RepayablWebApp.csproj", "{88A239A1-712C-4E30-88C2-F0ACB69ACDB2}"
EndProject
Project("{9A19103F-16F7-4668-BE54-9A1E7A4F7556}") = "RepayablApi", "RepayablApi\RepayablApi.csproj", "{DD515830-D31E-4333-92EC-FAC59D8FB980}"
EndProject
Project("{D954291E-2A0B-460D-934E-DC6B0785DB48}") = "RepayablClient.Shared", "RepayablClient\RepayablClient.Shared\RepayablClient.Shared.shproj", "{6279C845-92F8-4333-AB99-3D213163593C}"
EndProject
Project("{FAE04EC0-301F-11D3-BF4B-00C04F79EFBC}") = "RepayablClient.Droid", "RepayablClient\RepayablClient.Droid\RepayablClient.Droid.csproj", "{A99917C8-9110-4177-A5B0-B12F1AE4BBFE}"
EndProject
Project("{FAE04EC0-301F-11D3-BF4B-00C04F79EFBC}") = "RepayablClient.iOS", "RepayablClient\RepayablClient.iOS\RepayablClient.iOS.csproj", "{5EBE92AB-CA99-4524-9EB5-BA82E9F615E0}"
EndProject
Project("{FAE04EC0-301F-11D3-BF4B-00C04F79EFBC}") = "RepayablClient.UWP", "RepayablClient\RepayablClient.UWP\RepayablClient.UWP.csproj", "{BA84ED6F-9B66-4FCF-816A-C3A63A3BB5C7}"
EndProject
Project("{9A19103F-16F7-4668-BE54-9A1E7A4F7556}") = "RepayablClient.Wasm", "RepayablClient\RepayablClient.Wasm\RepayablClient.Wasm.csproj", "{DE679F12-DF66-4753-A0B1-9E2AF25FB6A1}"
EndProject
Project("{FAE04EC0-301F-11D3-BF4B-00C04F79EFBC}") = "Repayabl.Data", "Repayabl.Data\Repayabl.Data.csproj", "{D233E805-E853-414D-ABC1-ABEA35F9DE46}"
EndProject
Project("{FAE04EC0-301F-11D3-BF4B-00C04F79EFBC}") = "RepayablFrameworkApi", "RepayablFrameworkApi\RepayablFrameworkApi.csproj", "{444FF5B7-935B-43EE-A075-A469CBE6E30A}"
EndProject
Global
	GlobalSection(SharedMSBuildProjectFiles) = preSolution
		RepayablClient\RepayablClient.Shared\RepayablClient.Shared.projitems*{5ebe92ab-ca99-4524-9eb5-ba82e9f615e0}*SharedItemsImports = 4
		RepayablClient\RepayablClient.Shared\RepayablClient.Shared.projitems*{6279c845-92f8-4333-ab99-3d213163593c}*SharedItemsImports = 13
		RepayablClient\RepayablClient.Shared\RepayablClient.Shared.projitems*{a99917c8-9110-4177-a5b0-b12f1ae4bbfe}*SharedItemsImports = 4
		RepayablClient\RepayablClient.Shared\RepayablClient.Shared.projitems*{ba84ed6f-9b66-4fcf-816a-c3a63a3bb5c7}*SharedItemsImports = 4
		RepayablClient\RepayablClient.Shared\RepayablClient.Shared.projitems*{de679f12-df66-4753-a0b1-9e2af25fb6a1}*SharedItemsImports = 5
	EndGlobalSection
	GlobalSection(SolutionConfigurationPlatforms) = preSolution
		Ad-Hoc|Any CPU = Ad-Hoc|Any CPU
		Ad-Hoc|ARM = Ad-Hoc|ARM
		Ad-Hoc|iPhone = Ad-Hoc|iPhone
		Ad-Hoc|iPhoneSimulator = Ad-Hoc|iPhoneSimulator
		Ad-Hoc|x64 = Ad-Hoc|x64
		Ad-Hoc|x86 = Ad-Hoc|x86
		AppStore|Any CPU = AppStore|Any CPU
		AppStore|ARM = AppStore|ARM
		AppStore|iPhone = AppStore|iPhone
		AppStore|iPhoneSimulator = AppStore|iPhoneSimulator
		AppStore|x64 = AppStore|x64
		AppStore|x86 = AppStore|x86
		Debug|Any CPU = Debug|Any CPU
		Debug|ARM = Debug|ARM
		Debug|iPhone = Debug|iPhone
		Debug|iPhoneSimulator = Debug|iPhoneSimulator
		Debug|x64 = Debug|x64
		Debug|x86 = Debug|x86
		Release|Any CPU = Release|Any CPU
		Release|ARM = Release|ARM
		Release|iPhone = Release|iPhone
		Release|iPhoneSimulator = Release|iPhoneSimulator
		Release|x64 = Release|x64
		Release|x86 = Release|x86
	EndGlobalSection
	GlobalSection(ProjectConfigurationPlatforms) = postSolution
		{455BAA9D-F652-4EBC-96B7-D947113EE542}.Ad-Hoc|Any CPU.ActiveCfg = Release|Any CPU
		{455BAA9D-F652-4EBC-96B7-D947113EE542}.Ad-Hoc|Any CPU.Build.0 = Release|Any CPU
		{455BAA9D-F652-4EBC-96B7-D947113EE542}.Ad-Hoc|ARM.ActiveCfg = Release|Any CPU
		{455BAA9D-F652-4EBC-96B7-D947113EE542}.Ad-Hoc|ARM.Build.0 = Release|Any CPU
		{455BAA9D-F652-4EBC-96B7-D947113EE542}.Ad-Hoc|iPhone.ActiveCfg = Release|Any CPU
		{455BAA9D-F652-4EBC-96B7-D947113EE542}.Ad-Hoc|iPhone.Build.0 = Release|Any CPU
		{455BAA9D-F652-4EBC-96B7-D947113EE542}.Ad-Hoc|iPhoneSimulator.ActiveCfg = Release|Any CPU
		{455BAA9D-F652-4EBC-96B7-D947113EE542}.Ad-Hoc|iPhoneSimulator.Build.0 = Release|Any CPU
		{455BAA9D-F652-4EBC-96B7-D947113EE542}.Ad-Hoc|x64.ActiveCfg = Release|Any CPU
		{455BAA9D-F652-4EBC-96B7-D947113EE542}.Ad-Hoc|x64.Build.0 = Release|Any CPU
		{455BAA9D-F652-4EBC-96B7-D947113EE542}.Ad-Hoc|x86.ActiveCfg = Release|Any CPU
		{455BAA9D-F652-4EBC-96B7-D947113EE542}.Ad-Hoc|x86.Build.0 = Release|Any CPU
		{455BAA9D-F652-4EBC-96B7-D947113EE542}.AppStore|Any CPU.ActiveCfg = Release|Any CPU
		{455BAA9D-F652-4EBC-96B7-D947113EE542}.AppStore|Any CPU.Build.0 = Release|Any CPU
		{455BAA9D-F652-4EBC-96B7-D947113EE542}.AppStore|ARM.ActiveCfg = Release|Any CPU
		{455BAA9D-F652-4EBC-96B7-D947113EE542}.AppStore|ARM.Build.0 = Release|Any CPU
		{455BAA9D-F652-4EBC-96B7-D947113EE542}.AppStore|iPhone.ActiveCfg = Release|Any CPU
		{455BAA9D-F652-4EBC-96B7-D947113EE542}.AppStore|iPhone.Build.0 = Release|Any CPU
		{455BAA9D-F652-4EBC-96B7-D947113EE542}.AppStore|iPhoneSimulator.ActiveCfg = Release|Any CPU
		{455BAA9D-F652-4EBC-96B7-D947113EE542}.AppStore|iPhoneSimulator.Build.0 = Release|Any CPU
		{455BAA9D-F652-4EBC-96B7-D947113EE542}.AppStore|x64.ActiveCfg = Release|Any CPU
		{455BAA9D-F652-4EBC-96B7-D947113EE542}.AppStore|x64.Build.0 = Release|Any CPU
		{455BAA9D-F652-4EBC-96B7-D947113EE542}.AppStore|x86.ActiveCfg = Release|Any CPU
		{455BAA9D-F652-4EBC-96B7-D947113EE542}.AppStore|x86.Build.0 = Release|Any CPU
		{455BAA9D-F652-4EBC-96B7-D947113EE542}.Debug|Any CPU.ActiveCfg = Debug|Any CPU
		{455BAA9D-F652-4EBC-96B7-D947113EE542}.Debug|Any CPU.Build.0 = Debug|Any CPU
		{455BAA9D-F652-4EBC-96B7-D947113EE542}.Debug|ARM.ActiveCfg = Debug|Any CPU
		{455BAA9D-F652-4EBC-96B7-D947113EE542}.Debug|ARM.Build.0 = Debug|Any CPU
		{455BAA9D-F652-4EBC-96B7-D947113EE542}.Debug|iPhone.ActiveCfg = Debug|Any CPU
		{455BAA9D-F652-4EBC-96B7-D947113EE542}.Debug|iPhone.Build.0 = Debug|Any CPU
		{455BAA9D-F652-4EBC-96B7-D947113EE542}.Debug|iPhoneSimulator.ActiveCfg = Debug|Any CPU
		{455BAA9D-F652-4EBC-96B7-D947113EE542}.Debug|iPhoneSimulator.Build.0 = Debug|Any CPU
		{455BAA9D-F652-4EBC-96B7-D947113EE542}.Debug|x64.ActiveCfg = Debug|Any CPU
		{455BAA9D-F652-4EBC-96B7-D947113EE542}.Debug|x64.Build.0 = Debug|Any CPU
		{455BAA9D-F652-4EBC-96B7-D947113EE542}.Debug|x86.ActiveCfg = Debug|Any CPU
		{455BAA9D-F652-4EBC-96B7-D947113EE542}.Debug|x86.Build.0 = Debug|Any CPU
		{455BAA9D-F652-4EBC-96B7-D947113EE542}.Release|Any CPU.ActiveCfg = Release|Any CPU
		{455BAA9D-F652-4EBC-96B7-D947113EE542}.Release|Any CPU.Build.0 = Release|Any CPU
		{455BAA9D-F652-4EBC-96B7-D947113EE542}.Release|ARM.ActiveCfg = Release|Any CPU
		{455BAA9D-F652-4EBC-96B7-D947113EE542}.Release|ARM.Build.0 = Release|Any CPU
		{455BAA9D-F652-4EBC-96B7-D947113EE542}.Release|iPhone.ActiveCfg = Release|Any CPU
		{455BAA9D-F652-4EBC-96B7-D947113EE542}.Release|iPhone.Build.0 = Release|Any CPU
		{455BAA9D-F652-4EBC-96B7-D947113EE542}.Release|iPhoneSimulator.ActiveCfg = Release|Any CPU
		{455BAA9D-F652-4EBC-96B7-D947113EE542}.Release|iPhoneSimulator.Build.0 = Release|Any CPU
		{455BAA9D-F652-4EBC-96B7-D947113EE542}.Release|x64.ActiveCfg = Release|Any CPU
		{455BAA9D-F652-4EBC-96B7-D947113EE542}.Release|x64.Build.0 = Release|Any CPU
		{455BAA9D-F652-4EBC-96B7-D947113EE542}.Release|x86.ActiveCfg = Release|Any CPU
		{455BAA9D-F652-4EBC-96B7-D947113EE542}.Release|x86.Build.0 = Release|Any CPU
		{88A239A1-712C-4E30-88C2-F0ACB69ACDB2}.Ad-Hoc|Any CPU.ActiveCfg = Release|Any CPU
		{88A239A1-712C-4E30-88C2-F0ACB69ACDB2}.Ad-Hoc|Any CPU.Build.0 = Release|Any CPU
		{88A239A1-712C-4E30-88C2-F0ACB69ACDB2}.Ad-Hoc|ARM.ActiveCfg = Release|Any CPU
		{88A239A1-712C-4E30-88C2-F0ACB69ACDB2}.Ad-Hoc|ARM.Build.0 = Release|Any CPU
		{88A239A1-712C-4E30-88C2-F0ACB69ACDB2}.Ad-Hoc|iPhone.ActiveCfg = Release|Any CPU
		{88A239A1-712C-4E30-88C2-F0ACB69ACDB2}.Ad-Hoc|iPhone.Build.0 = Release|Any CPU
		{88A239A1-712C-4E30-88C2-F0ACB69ACDB2}.Ad-Hoc|iPhoneSimulator.ActiveCfg = Release|Any CPU
		{88A239A1-712C-4E30-88C2-F0ACB69ACDB2}.Ad-Hoc|iPhoneSimulator.Build.0 = Release|Any CPU
		{88A239A1-712C-4E30-88C2-F0ACB69ACDB2}.Ad-Hoc|x64.ActiveCfg = Release|Any CPU
		{88A239A1-712C-4E30-88C2-F0ACB69ACDB2}.Ad-Hoc|x64.Build.0 = Release|Any CPU
		{88A239A1-712C-4E30-88C2-F0ACB69ACDB2}.Ad-Hoc|x86.ActiveCfg = Release|Any CPU
		{88A239A1-712C-4E30-88C2-F0ACB69ACDB2}.Ad-Hoc|x86.Build.0 = Release|Any CPU
		{88A239A1-712C-4E30-88C2-F0ACB69ACDB2}.AppStore|Any CPU.ActiveCfg = Release|Any CPU
		{88A239A1-712C-4E30-88C2-F0ACB69ACDB2}.AppStore|Any CPU.Build.0 = Release|Any CPU
		{88A239A1-712C-4E30-88C2-F0ACB69ACDB2}.AppStore|ARM.ActiveCfg = Release|Any CPU
		{88A239A1-712C-4E30-88C2-F0ACB69ACDB2}.AppStore|ARM.Build.0 = Release|Any CPU
		{88A239A1-712C-4E30-88C2-F0ACB69ACDB2}.AppStore|iPhone.ActiveCfg = Release|Any CPU
		{88A239A1-712C-4E30-88C2-F0ACB69ACDB2}.AppStore|iPhone.Build.0 = Release|Any CPU
		{88A239A1-712C-4E30-88C2-F0ACB69ACDB2}.AppStore|iPhoneSimulator.ActiveCfg = Release|Any CPU
		{88A239A1-712C-4E30-88C2-F0ACB69ACDB2}.AppStore|iPhoneSimulator.Build.0 = Release|Any CPU
		{88A239A1-712C-4E30-88C2-F0ACB69ACDB2}.AppStore|x64.ActiveCfg = Release|Any CPU
		{88A239A1-712C-4E30-88C2-F0ACB69ACDB2}.AppStore|x64.Build.0 = Release|Any CPU
		{88A239A1-712C-4E30-88C2-F0ACB69ACDB2}.AppStore|x86.ActiveCfg = Release|Any CPU
		{88A239A1-712C-4E30-88C2-F0ACB69ACDB2}.AppStore|x86.Build.0 = Release|Any CPU
		{88A239A1-712C-4E30-88C2-F0ACB69ACDB2}.Debug|Any CPU.ActiveCfg = Debug|Any CPU
		{88A239A1-712C-4E30-88C2-F0ACB69ACDB2}.Debug|Any CPU.Build.0 = Debug|Any CPU
		{88A239A1-712C-4E30-88C2-F0ACB69ACDB2}.Debug|ARM.ActiveCfg = Debug|Any CPU
		{88A239A1-712C-4E30-88C2-F0ACB69ACDB2}.Debug|ARM.Build.0 = Debug|Any CPU
		{88A239A1-712C-4E30-88C2-F0ACB69ACDB2}.Debug|iPhone.ActiveCfg = Debug|Any CPU
		{88A239A1-712C-4E30-88C2-F0ACB69ACDB2}.Debug|iPhone.Build.0 = Debug|Any CPU
		{88A239A1-712C-4E30-88C2-F0ACB69ACDB2}.Debug|iPhoneSimulator.ActiveCfg = Debug|Any CPU
		{88A239A1-712C-4E30-88C2-F0ACB69ACDB2}.Debug|iPhoneSimulator.Build.0 = Debug|Any CPU
		{88A239A1-712C-4E30-88C2-F0ACB69ACDB2}.Debug|x64.ActiveCfg = Debug|Any CPU
		{88A239A1-712C-4E30-88C2-F0ACB69ACDB2}.Debug|x64.Build.0 = Debug|Any CPU
		{88A239A1-712C-4E30-88C2-F0ACB69ACDB2}.Debug|x86.ActiveCfg = Debug|Any CPU
		{88A239A1-712C-4E30-88C2-F0ACB69ACDB2}.Debug|x86.Build.0 = Debug|Any CPU
		{88A239A1-712C-4E30-88C2-F0ACB69ACDB2}.Release|Any CPU.ActiveCfg = Release|Any CPU
		{88A239A1-712C-4E30-88C2-F0ACB69ACDB2}.Release|Any CPU.Build.0 = Release|Any CPU
		{88A239A1-712C-4E30-88C2-F0ACB69ACDB2}.Release|ARM.ActiveCfg = Release|Any CPU
		{88A239A1-712C-4E30-88C2-F0ACB69ACDB2}.Release|ARM.Build.0 = Release|Any CPU
		{88A239A1-712C-4E30-88C2-F0ACB69ACDB2}.Release|iPhone.ActiveCfg = Release|Any CPU
		{88A239A1-712C-4E30-88C2-F0ACB69ACDB2}.Release|iPhone.Build.0 = Release|Any CPU
		{88A239A1-712C-4E30-88C2-F0ACB69ACDB2}.Release|iPhoneSimulator.ActiveCfg = Release|Any CPU
		{88A239A1-712C-4E30-88C2-F0ACB69ACDB2}.Release|iPhoneSimulator.Build.0 = Release|Any CPU
		{88A239A1-712C-4E30-88C2-F0ACB69ACDB2}.Release|x64.ActiveCfg = Release|Any CPU
		{88A239A1-712C-4E30-88C2-F0ACB69ACDB2}.Release|x64.Build.0 = Release|Any CPU
		{88A239A1-712C-4E30-88C2-F0ACB69ACDB2}.Release|x86.ActiveCfg = Release|Any CPU
		{88A239A1-712C-4E30-88C2-F0ACB69ACDB2}.Release|x86.Build.0 = Release|Any CPU
		{DD515830-D31E-4333-92EC-FAC59D8FB980}.Ad-Hoc|Any CPU.ActiveCfg = Release|Any CPU
		{DD515830-D31E-4333-92EC-FAC59D8FB980}.Ad-Hoc|Any CPU.Build.0 = Release|Any CPU
		{DD515830-D31E-4333-92EC-FAC59D8FB980}.Ad-Hoc|ARM.ActiveCfg = Release|Any CPU
		{DD515830-D31E-4333-92EC-FAC59D8FB980}.Ad-Hoc|ARM.Build.0 = Release|Any CPU
		{DD515830-D31E-4333-92EC-FAC59D8FB980}.Ad-Hoc|iPhone.ActiveCfg = Release|Any CPU
		{DD515830-D31E-4333-92EC-FAC59D8FB980}.Ad-Hoc|iPhone.Build.0 = Release|Any CPU
		{DD515830-D31E-4333-92EC-FAC59D8FB980}.Ad-Hoc|iPhoneSimulator.ActiveCfg = Release|Any CPU
		{DD515830-D31E-4333-92EC-FAC59D8FB980}.Ad-Hoc|iPhoneSimulator.Build.0 = Release|Any CPU
		{DD515830-D31E-4333-92EC-FAC59D8FB980}.Ad-Hoc|x64.ActiveCfg = Release|Any CPU
		{DD515830-D31E-4333-92EC-FAC59D8FB980}.Ad-Hoc|x64.Build.0 = Release|Any CPU
		{DD515830-D31E-4333-92EC-FAC59D8FB980}.Ad-Hoc|x86.ActiveCfg = Release|Any CPU
		{DD515830-D31E-4333-92EC-FAC59D8FB980}.Ad-Hoc|x86.Build.0 = Release|Any CPU
		{DD515830-D31E-4333-92EC-FAC59D8FB980}.AppStore|Any CPU.ActiveCfg = Release|Any CPU
		{DD515830-D31E-4333-92EC-FAC59D8FB980}.AppStore|Any CPU.Build.0 = Release|Any CPU
		{DD515830-D31E-4333-92EC-FAC59D8FB980}.AppStore|ARM.ActiveCfg = Release|Any CPU
		{DD515830-D31E-4333-92EC-FAC59D8FB980}.AppStore|ARM.Build.0 = Release|Any CPU
		{DD515830-D31E-4333-92EC-FAC59D8FB980}.AppStore|iPhone.ActiveCfg = Release|Any CPU
		{DD515830-D31E-4333-92EC-FAC59D8FB980}.AppStore|iPhone.Build.0 = Release|Any CPU
		{DD515830-D31E-4333-92EC-FAC59D8FB980}.AppStore|iPhoneSimulator.ActiveCfg = Release|Any CPU
		{DD515830-D31E-4333-92EC-FAC59D8FB980}.AppStore|iPhoneSimulator.Build.0 = Release|Any CPU
		{DD515830-D31E-4333-92EC-FAC59D8FB980}.AppStore|x64.ActiveCfg = Release|Any CPU
		{DD515830-D31E-4333-92EC-FAC59D8FB980}.AppStore|x64.Build.0 = Release|Any CPU
		{DD515830-D31E-4333-92EC-FAC59D8FB980}.AppStore|x86.ActiveCfg = Release|Any CPU
		{DD515830-D31E-4333-92EC-FAC59D8FB980}.AppStore|x86.Build.0 = Release|Any CPU
		{DD515830-D31E-4333-92EC-FAC59D8FB980}.Debug|Any CPU.ActiveCfg = Debug|Any CPU
		{DD515830-D31E-4333-92EC-FAC59D8FB980}.Debug|Any CPU.Build.0 = Debug|Any CPU
		{DD515830-D31E-4333-92EC-FAC59D8FB980}.Debug|ARM.ActiveCfg = Debug|Any CPU
		{DD515830-D31E-4333-92EC-FAC59D8FB980}.Debug|ARM.Build.0 = Debug|Any CPU
		{DD515830-D31E-4333-92EC-FAC59D8FB980}.Debug|iPhone.ActiveCfg = Debug|Any CPU
		{DD515830-D31E-4333-92EC-FAC59D8FB980}.Debug|iPhone.Build.0 = Debug|Any CPU
		{DD515830-D31E-4333-92EC-FAC59D8FB980}.Debug|iPhoneSimulator.ActiveCfg = Debug|Any CPU
		{DD515830-D31E-4333-92EC-FAC59D8FB980}.Debug|iPhoneSimulator.Build.0 = Debug|Any CPU
		{DD515830-D31E-4333-92EC-FAC59D8FB980}.Debug|x64.ActiveCfg = Debug|Any CPU
		{DD515830-D31E-4333-92EC-FAC59D8FB980}.Debug|x64.Build.0 = Debug|Any CPU
		{DD515830-D31E-4333-92EC-FAC59D8FB980}.Debug|x86.ActiveCfg = Debug|Any CPU
		{DD515830-D31E-4333-92EC-FAC59D8FB980}.Debug|x86.Build.0 = Debug|Any CPU
		{DD515830-D31E-4333-92EC-FAC59D8FB980}.Release|Any CPU.ActiveCfg = Release|Any CPU
		{DD515830-D31E-4333-92EC-FAC59D8FB980}.Release|Any CPU.Build.0 = Release|Any CPU
		{DD515830-D31E-4333-92EC-FAC59D8FB980}.Release|ARM.ActiveCfg = Release|Any CPU
		{DD515830-D31E-4333-92EC-FAC59D8FB980}.Release|ARM.Build.0 = Release|Any CPU
		{DD515830-D31E-4333-92EC-FAC59D8FB980}.Release|iPhone.ActiveCfg = Release|Any CPU
		{DD515830-D31E-4333-92EC-FAC59D8FB980}.Release|iPhone.Build.0 = Release|Any CPU
		{DD515830-D31E-4333-92EC-FAC59D8FB980}.Release|iPhoneSimulator.ActiveCfg = Release|Any CPU
		{DD515830-D31E-4333-92EC-FAC59D8FB980}.Release|iPhoneSimulator.Build.0 = Release|Any CPU
		{DD515830-D31E-4333-92EC-FAC59D8FB980}.Release|x64.ActiveCfg = Release|Any CPU
		{DD515830-D31E-4333-92EC-FAC59D8FB980}.Release|x64.Build.0 = Release|Any CPU
		{DD515830-D31E-4333-92EC-FAC59D8FB980}.Release|x86.ActiveCfg = Release|Any CPU
		{DD515830-D31E-4333-92EC-FAC59D8FB980}.Release|x86.Build.0 = Release|Any CPU
		{A99917C8-9110-4177-A5B0-B12F1AE4BBFE}.Ad-Hoc|Any CPU.ActiveCfg = Release|Any CPU
		{A99917C8-9110-4177-A5B0-B12F1AE4BBFE}.Ad-Hoc|Any CPU.Build.0 = Release|Any CPU
		{A99917C8-9110-4177-A5B0-B12F1AE4BBFE}.Ad-Hoc|Any CPU.Deploy.0 = Release|Any CPU
		{A99917C8-9110-4177-A5B0-B12F1AE4BBFE}.Ad-Hoc|ARM.ActiveCfg = Release|Any CPU
		{A99917C8-9110-4177-A5B0-B12F1AE4BBFE}.Ad-Hoc|ARM.Build.0 = Release|Any CPU
		{A99917C8-9110-4177-A5B0-B12F1AE4BBFE}.Ad-Hoc|ARM.Deploy.0 = Release|Any CPU
		{A99917C8-9110-4177-A5B0-B12F1AE4BBFE}.Ad-Hoc|iPhone.ActiveCfg = Release|Any CPU
		{A99917C8-9110-4177-A5B0-B12F1AE4BBFE}.Ad-Hoc|iPhone.Build.0 = Release|Any CPU
		{A99917C8-9110-4177-A5B0-B12F1AE4BBFE}.Ad-Hoc|iPhone.Deploy.0 = Release|Any CPU
		{A99917C8-9110-4177-A5B0-B12F1AE4BBFE}.Ad-Hoc|iPhoneSimulator.ActiveCfg = Release|Any CPU
		{A99917C8-9110-4177-A5B0-B12F1AE4BBFE}.Ad-Hoc|iPhoneSimulator.Build.0 = Release|Any CPU
		{A99917C8-9110-4177-A5B0-B12F1AE4BBFE}.Ad-Hoc|iPhoneSimulator.Deploy.0 = Release|Any CPU
		{A99917C8-9110-4177-A5B0-B12F1AE4BBFE}.Ad-Hoc|x64.ActiveCfg = Release|Any CPU
		{A99917C8-9110-4177-A5B0-B12F1AE4BBFE}.Ad-Hoc|x64.Build.0 = Release|Any CPU
		{A99917C8-9110-4177-A5B0-B12F1AE4BBFE}.Ad-Hoc|x64.Deploy.0 = Release|Any CPU
		{A99917C8-9110-4177-A5B0-B12F1AE4BBFE}.Ad-Hoc|x86.ActiveCfg = Release|Any CPU
		{A99917C8-9110-4177-A5B0-B12F1AE4BBFE}.Ad-Hoc|x86.Build.0 = Release|Any CPU
		{A99917C8-9110-4177-A5B0-B12F1AE4BBFE}.Ad-Hoc|x86.Deploy.0 = Release|Any CPU
		{A99917C8-9110-4177-A5B0-B12F1AE4BBFE}.AppStore|Any CPU.ActiveCfg = Release|Any CPU
		{A99917C8-9110-4177-A5B0-B12F1AE4BBFE}.AppStore|Any CPU.Build.0 = Release|Any CPU
		{A99917C8-9110-4177-A5B0-B12F1AE4BBFE}.AppStore|Any CPU.Deploy.0 = Release|Any CPU
		{A99917C8-9110-4177-A5B0-B12F1AE4BBFE}.AppStore|ARM.ActiveCfg = Release|Any CPU
		{A99917C8-9110-4177-A5B0-B12F1AE4BBFE}.AppStore|ARM.Build.0 = Release|Any CPU
		{A99917C8-9110-4177-A5B0-B12F1AE4BBFE}.AppStore|ARM.Deploy.0 = Release|Any CPU
		{A99917C8-9110-4177-A5B0-B12F1AE4BBFE}.AppStore|iPhone.ActiveCfg = Release|Any CPU
		{A99917C8-9110-4177-A5B0-B12F1AE4BBFE}.AppStore|iPhone.Build.0 = Release|Any CPU
		{A99917C8-9110-4177-A5B0-B12F1AE4BBFE}.AppStore|iPhone.Deploy.0 = Release|Any CPU
		{A99917C8-9110-4177-A5B0-B12F1AE4BBFE}.AppStore|iPhoneSimulator.ActiveCfg = Release|Any CPU
		{A99917C8-9110-4177-A5B0-B12F1AE4BBFE}.AppStore|iPhoneSimulator.Build.0 = Release|Any CPU
		{A99917C8-9110-4177-A5B0-B12F1AE4BBFE}.AppStore|iPhoneSimulator.Deploy.0 = Release|Any CPU
		{A99917C8-9110-4177-A5B0-B12F1AE4BBFE}.AppStore|x64.ActiveCfg = Release|Any CPU
		{A99917C8-9110-4177-A5B0-B12F1AE4BBFE}.AppStore|x64.Build.0 = Release|Any CPU
		{A99917C8-9110-4177-A5B0-B12F1AE4BBFE}.AppStore|x64.Deploy.0 = Release|Any CPU
		{A99917C8-9110-4177-A5B0-B12F1AE4BBFE}.AppStore|x86.ActiveCfg = Release|Any CPU
		{A99917C8-9110-4177-A5B0-B12F1AE4BBFE}.AppStore|x86.Build.0 = Release|Any CPU
		{A99917C8-9110-4177-A5B0-B12F1AE4BBFE}.AppStore|x86.Deploy.0 = Release|Any CPU
		{A99917C8-9110-4177-A5B0-B12F1AE4BBFE}.Debug|Any CPU.ActiveCfg = Debug|Any CPU
		{A99917C8-9110-4177-A5B0-B12F1AE4BBFE}.Debug|Any CPU.Build.0 = Debug|Any CPU
		{A99917C8-9110-4177-A5B0-B12F1AE4BBFE}.Debug|Any CPU.Deploy.0 = Debug|Any CPU
		{A99917C8-9110-4177-A5B0-B12F1AE4BBFE}.Debug|ARM.ActiveCfg = Debug|Any CPU
		{A99917C8-9110-4177-A5B0-B12F1AE4BBFE}.Debug|ARM.Build.0 = Debug|Any CPU
		{A99917C8-9110-4177-A5B0-B12F1AE4BBFE}.Debug|ARM.Deploy.0 = Debug|Any CPU
		{A99917C8-9110-4177-A5B0-B12F1AE4BBFE}.Debug|iPhone.ActiveCfg = Debug|Any CPU
		{A99917C8-9110-4177-A5B0-B12F1AE4BBFE}.Debug|iPhone.Build.0 = Debug|Any CPU
		{A99917C8-9110-4177-A5B0-B12F1AE4BBFE}.Debug|iPhone.Deploy.0 = Debug|Any CPU
		{A99917C8-9110-4177-A5B0-B12F1AE4BBFE}.Debug|iPhoneSimulator.ActiveCfg = Debug|Any CPU
		{A99917C8-9110-4177-A5B0-B12F1AE4BBFE}.Debug|iPhoneSimulator.Build.0 = Debug|Any CPU
		{A99917C8-9110-4177-A5B0-B12F1AE4BBFE}.Debug|iPhoneSimulator.Deploy.0 = Debug|Any CPU
		{A99917C8-9110-4177-A5B0-B12F1AE4BBFE}.Debug|x64.ActiveCfg = Debug|Any CPU
		{A99917C8-9110-4177-A5B0-B12F1AE4BBFE}.Debug|x64.Build.0 = Debug|Any CPU
		{A99917C8-9110-4177-A5B0-B12F1AE4BBFE}.Debug|x64.Deploy.0 = Debug|Any CPU
		{A99917C8-9110-4177-A5B0-B12F1AE4BBFE}.Debug|x86.ActiveCfg = Debug|Any CPU
		{A99917C8-9110-4177-A5B0-B12F1AE4BBFE}.Debug|x86.Build.0 = Debug|Any CPU
		{A99917C8-9110-4177-A5B0-B12F1AE4BBFE}.Debug|x86.Deploy.0 = Debug|Any CPU
		{A99917C8-9110-4177-A5B0-B12F1AE4BBFE}.Release|Any CPU.ActiveCfg = Release|Any CPU
		{A99917C8-9110-4177-A5B0-B12F1AE4BBFE}.Release|Any CPU.Build.0 = Release|Any CPU
		{A99917C8-9110-4177-A5B0-B12F1AE4BBFE}.Release|Any CPU.Deploy.0 = Release|Any CPU
		{A99917C8-9110-4177-A5B0-B12F1AE4BBFE}.Release|ARM.ActiveCfg = Release|Any CPU
		{A99917C8-9110-4177-A5B0-B12F1AE4BBFE}.Release|ARM.Build.0 = Release|Any CPU
		{A99917C8-9110-4177-A5B0-B12F1AE4BBFE}.Release|ARM.Deploy.0 = Release|Any CPU
		{A99917C8-9110-4177-A5B0-B12F1AE4BBFE}.Release|iPhone.ActiveCfg = Release|Any CPU
		{A99917C8-9110-4177-A5B0-B12F1AE4BBFE}.Release|iPhone.Build.0 = Release|Any CPU
		{A99917C8-9110-4177-A5B0-B12F1AE4BBFE}.Release|iPhone.Deploy.0 = Release|Any CPU
		{A99917C8-9110-4177-A5B0-B12F1AE4BBFE}.Release|iPhoneSimulator.ActiveCfg = Release|Any CPU
		{A99917C8-9110-4177-A5B0-B12F1AE4BBFE}.Release|iPhoneSimulator.Build.0 = Release|Any CPU
		{A99917C8-9110-4177-A5B0-B12F1AE4BBFE}.Release|iPhoneSimulator.Deploy.0 = Release|Any CPU
		{A99917C8-9110-4177-A5B0-B12F1AE4BBFE}.Release|x64.ActiveCfg = Release|Any CPU
		{A99917C8-9110-4177-A5B0-B12F1AE4BBFE}.Release|x64.Build.0 = Release|Any CPU
		{A99917C8-9110-4177-A5B0-B12F1AE4BBFE}.Release|x64.Deploy.0 = Release|Any CPU
		{A99917C8-9110-4177-A5B0-B12F1AE4BBFE}.Release|x86.ActiveCfg = Release|Any CPU
		{A99917C8-9110-4177-A5B0-B12F1AE4BBFE}.Release|x86.Build.0 = Release|Any CPU
		{A99917C8-9110-4177-A5B0-B12F1AE4BBFE}.Release|x86.Deploy.0 = Release|Any CPU
		{5EBE92AB-CA99-4524-9EB5-BA82E9F615E0}.Ad-Hoc|Any CPU.ActiveCfg = Ad-Hoc|iPhone
		{5EBE92AB-CA99-4524-9EB5-BA82E9F615E0}.Ad-Hoc|ARM.ActiveCfg = Ad-Hoc|iPhone
		{5EBE92AB-CA99-4524-9EB5-BA82E9F615E0}.Ad-Hoc|iPhone.ActiveCfg = Ad-Hoc|iPhone
		{5EBE92AB-CA99-4524-9EB5-BA82E9F615E0}.Ad-Hoc|iPhone.Build.0 = Ad-Hoc|iPhone
		{5EBE92AB-CA99-4524-9EB5-BA82E9F615E0}.Ad-Hoc|iPhoneSimulator.ActiveCfg = Ad-Hoc|iPhoneSimulator
		{5EBE92AB-CA99-4524-9EB5-BA82E9F615E0}.Ad-Hoc|iPhoneSimulator.Build.0 = Ad-Hoc|iPhoneSimulator
		{5EBE92AB-CA99-4524-9EB5-BA82E9F615E0}.Ad-Hoc|x64.ActiveCfg = Ad-Hoc|iPhone
		{5EBE92AB-CA99-4524-9EB5-BA82E9F615E0}.Ad-Hoc|x86.ActiveCfg = Ad-Hoc|iPhone
		{5EBE92AB-CA99-4524-9EB5-BA82E9F615E0}.AppStore|Any CPU.ActiveCfg = AppStore|iPhone
		{5EBE92AB-CA99-4524-9EB5-BA82E9F615E0}.AppStore|ARM.ActiveCfg = AppStore|iPhone
		{5EBE92AB-CA99-4524-9EB5-BA82E9F615E0}.AppStore|iPhone.ActiveCfg = AppStore|iPhone
		{5EBE92AB-CA99-4524-9EB5-BA82E9F615E0}.AppStore|iPhone.Build.0 = AppStore|iPhone
		{5EBE92AB-CA99-4524-9EB5-BA82E9F615E0}.AppStore|iPhoneSimulator.ActiveCfg = AppStore|iPhoneSimulator
		{5EBE92AB-CA99-4524-9EB5-BA82E9F615E0}.AppStore|iPhoneSimulator.Build.0 = AppStore|iPhoneSimulator
		{5EBE92AB-CA99-4524-9EB5-BA82E9F615E0}.AppStore|x64.ActiveCfg = AppStore|iPhone
		{5EBE92AB-CA99-4524-9EB5-BA82E9F615E0}.AppStore|x86.ActiveCfg = AppStore|iPhone
		{5EBE92AB-CA99-4524-9EB5-BA82E9F615E0}.Debug|Any CPU.ActiveCfg = Debug|iPhone
		{5EBE92AB-CA99-4524-9EB5-BA82E9F615E0}.Debug|ARM.ActiveCfg = Debug|iPhone
		{5EBE92AB-CA99-4524-9EB5-BA82E9F615E0}.Debug|iPhone.ActiveCfg = Debug|iPhone
		{5EBE92AB-CA99-4524-9EB5-BA82E9F615E0}.Debug|iPhone.Build.0 = Debug|iPhone
		{5EBE92AB-CA99-4524-9EB5-BA82E9F615E0}.Debug|iPhoneSimulator.ActiveCfg = Debug|iPhoneSimulator
		{5EBE92AB-CA99-4524-9EB5-BA82E9F615E0}.Debug|iPhoneSimulator.Build.0 = Debug|iPhoneSimulator
		{5EBE92AB-CA99-4524-9EB5-BA82E9F615E0}.Debug|x64.ActiveCfg = Debug|iPhone
		{5EBE92AB-CA99-4524-9EB5-BA82E9F615E0}.Debug|x86.ActiveCfg = Debug|iPhone
		{5EBE92AB-CA99-4524-9EB5-BA82E9F615E0}.Release|Any CPU.ActiveCfg = Release|iPhone
		{5EBE92AB-CA99-4524-9EB5-BA82E9F615E0}.Release|ARM.ActiveCfg = Release|iPhone
		{5EBE92AB-CA99-4524-9EB5-BA82E9F615E0}.Release|iPhone.ActiveCfg = Release|iPhone
		{5EBE92AB-CA99-4524-9EB5-BA82E9F615E0}.Release|iPhone.Build.0 = Release|iPhone
		{5EBE92AB-CA99-4524-9EB5-BA82E9F615E0}.Release|iPhoneSimulator.ActiveCfg = Release|iPhoneSimulator
		{5EBE92AB-CA99-4524-9EB5-BA82E9F615E0}.Release|iPhoneSimulator.Build.0 = Release|iPhoneSimulator
		{5EBE92AB-CA99-4524-9EB5-BA82E9F615E0}.Release|x64.ActiveCfg = Release|iPhone
		{5EBE92AB-CA99-4524-9EB5-BA82E9F615E0}.Release|x86.ActiveCfg = Release|iPhone
		{BA84ED6F-9B66-4FCF-816A-C3A63A3BB5C7}.Ad-Hoc|Any CPU.ActiveCfg = Release|x64
		{BA84ED6F-9B66-4FCF-816A-C3A63A3BB5C7}.Ad-Hoc|Any CPU.Build.0 = Release|x64
		{BA84ED6F-9B66-4FCF-816A-C3A63A3BB5C7}.Ad-Hoc|Any CPU.Deploy.0 = Release|x64
		{BA84ED6F-9B66-4FCF-816A-C3A63A3BB5C7}.Ad-Hoc|ARM.ActiveCfg = Release|ARM
		{BA84ED6F-9B66-4FCF-816A-C3A63A3BB5C7}.Ad-Hoc|ARM.Build.0 = Release|ARM
		{BA84ED6F-9B66-4FCF-816A-C3A63A3BB5C7}.Ad-Hoc|ARM.Deploy.0 = Release|ARM
		{BA84ED6F-9B66-4FCF-816A-C3A63A3BB5C7}.Ad-Hoc|iPhone.ActiveCfg = Release|x64
		{BA84ED6F-9B66-4FCF-816A-C3A63A3BB5C7}.Ad-Hoc|iPhone.Build.0 = Release|x64
		{BA84ED6F-9B66-4FCF-816A-C3A63A3BB5C7}.Ad-Hoc|iPhone.Deploy.0 = Release|x64
		{BA84ED6F-9B66-4FCF-816A-C3A63A3BB5C7}.Ad-Hoc|iPhoneSimulator.ActiveCfg = Release|x64
		{BA84ED6F-9B66-4FCF-816A-C3A63A3BB5C7}.Ad-Hoc|iPhoneSimulator.Build.0 = Release|x64
		{BA84ED6F-9B66-4FCF-816A-C3A63A3BB5C7}.Ad-Hoc|iPhoneSimulator.Deploy.0 = Release|x64
		{BA84ED6F-9B66-4FCF-816A-C3A63A3BB5C7}.Ad-Hoc|x64.ActiveCfg = Release|x64
		{BA84ED6F-9B66-4FCF-816A-C3A63A3BB5C7}.Ad-Hoc|x64.Build.0 = Release|x64
		{BA84ED6F-9B66-4FCF-816A-C3A63A3BB5C7}.Ad-Hoc|x64.Deploy.0 = Release|x64
		{BA84ED6F-9B66-4FCF-816A-C3A63A3BB5C7}.Ad-Hoc|x86.ActiveCfg = Release|x86
		{BA84ED6F-9B66-4FCF-816A-C3A63A3BB5C7}.Ad-Hoc|x86.Build.0 = Release|x86
		{BA84ED6F-9B66-4FCF-816A-C3A63A3BB5C7}.Ad-Hoc|x86.Deploy.0 = Release|x86
		{BA84ED6F-9B66-4FCF-816A-C3A63A3BB5C7}.AppStore|Any CPU.ActiveCfg = Release|x64
		{BA84ED6F-9B66-4FCF-816A-C3A63A3BB5C7}.AppStore|Any CPU.Build.0 = Release|x64
		{BA84ED6F-9B66-4FCF-816A-C3A63A3BB5C7}.AppStore|Any CPU.Deploy.0 = Release|x64
		{BA84ED6F-9B66-4FCF-816A-C3A63A3BB5C7}.AppStore|ARM.ActiveCfg = Release|ARM
		{BA84ED6F-9B66-4FCF-816A-C3A63A3BB5C7}.AppStore|ARM.Build.0 = Release|ARM
		{BA84ED6F-9B66-4FCF-816A-C3A63A3BB5C7}.AppStore|ARM.Deploy.0 = Release|ARM
		{BA84ED6F-9B66-4FCF-816A-C3A63A3BB5C7}.AppStore|iPhone.ActiveCfg = Release|x64
		{BA84ED6F-9B66-4FCF-816A-C3A63A3BB5C7}.AppStore|iPhone.Build.0 = Release|x64
		{BA84ED6F-9B66-4FCF-816A-C3A63A3BB5C7}.AppStore|iPhone.Deploy.0 = Release|x64
		{BA84ED6F-9B66-4FCF-816A-C3A63A3BB5C7}.AppStore|iPhoneSimulator.ActiveCfg = Release|x64
		{BA84ED6F-9B66-4FCF-816A-C3A63A3BB5C7}.AppStore|iPhoneSimulator.Build.0 = Release|x64
		{BA84ED6F-9B66-4FCF-816A-C3A63A3BB5C7}.AppStore|iPhoneSimulator.Deploy.0 = Release|x64
		{BA84ED6F-9B66-4FCF-816A-C3A63A3BB5C7}.AppStore|x64.ActiveCfg = Release|x64
		{BA84ED6F-9B66-4FCF-816A-C3A63A3BB5C7}.AppStore|x64.Build.0 = Release|x64
		{BA84ED6F-9B66-4FCF-816A-C3A63A3BB5C7}.AppStore|x64.Deploy.0 = Release|x64
		{BA84ED6F-9B66-4FCF-816A-C3A63A3BB5C7}.AppStore|x86.ActiveCfg = Release|x86
		{BA84ED6F-9B66-4FCF-816A-C3A63A3BB5C7}.AppStore|x86.Build.0 = Release|x86
		{BA84ED6F-9B66-4FCF-816A-C3A63A3BB5C7}.AppStore|x86.Deploy.0 = Release|x86
		{BA84ED6F-9B66-4FCF-816A-C3A63A3BB5C7}.Debug|Any CPU.ActiveCfg = Debug|x86
		{BA84ED6F-9B66-4FCF-816A-C3A63A3BB5C7}.Debug|ARM.ActiveCfg = Debug|ARM
		{BA84ED6F-9B66-4FCF-816A-C3A63A3BB5C7}.Debug|ARM.Build.0 = Debug|ARM
		{BA84ED6F-9B66-4FCF-816A-C3A63A3BB5C7}.Debug|ARM.Deploy.0 = Debug|ARM
		{BA84ED6F-9B66-4FCF-816A-C3A63A3BB5C7}.Debug|iPhone.ActiveCfg = Debug|x86
		{BA84ED6F-9B66-4FCF-816A-C3A63A3BB5C7}.Debug|iPhoneSimulator.ActiveCfg = Debug|x86
		{BA84ED6F-9B66-4FCF-816A-C3A63A3BB5C7}.Debug|x64.ActiveCfg = Debug|x64
		{BA84ED6F-9B66-4FCF-816A-C3A63A3BB5C7}.Debug|x64.Build.0 = Debug|x64
		{BA84ED6F-9B66-4FCF-816A-C3A63A3BB5C7}.Debug|x64.Deploy.0 = Debug|x64
		{BA84ED6F-9B66-4FCF-816A-C3A63A3BB5C7}.Debug|x86.ActiveCfg = Debug|x86
		{BA84ED6F-9B66-4FCF-816A-C3A63A3BB5C7}.Debug|x86.Build.0 = Debug|x86
		{BA84ED6F-9B66-4FCF-816A-C3A63A3BB5C7}.Debug|x86.Deploy.0 = Debug|x86
		{BA84ED6F-9B66-4FCF-816A-C3A63A3BB5C7}.Release|Any CPU.ActiveCfg = Release|x86
		{BA84ED6F-9B66-4FCF-816A-C3A63A3BB5C7}.Release|ARM.ActiveCfg = Release|ARM
		{BA84ED6F-9B66-4FCF-816A-C3A63A3BB5C7}.Release|ARM.Build.0 = Release|ARM
		{BA84ED6F-9B66-4FCF-816A-C3A63A3BB5C7}.Release|ARM.Deploy.0 = Release|ARM
		{BA84ED6F-9B66-4FCF-816A-C3A63A3BB5C7}.Release|iPhone.ActiveCfg = Release|x86
		{BA84ED6F-9B66-4FCF-816A-C3A63A3BB5C7}.Release|iPhoneSimulator.ActiveCfg = Release|x86
		{BA84ED6F-9B66-4FCF-816A-C3A63A3BB5C7}.Release|x64.ActiveCfg = Release|x64
		{BA84ED6F-9B66-4FCF-816A-C3A63A3BB5C7}.Release|x64.Build.0 = Release|x64
		{BA84ED6F-9B66-4FCF-816A-C3A63A3BB5C7}.Release|x64.Deploy.0 = Release|x64
		{BA84ED6F-9B66-4FCF-816A-C3A63A3BB5C7}.Release|x86.ActiveCfg = Release|x86
		{BA84ED6F-9B66-4FCF-816A-C3A63A3BB5C7}.Release|x86.Build.0 = Release|x86
		{BA84ED6F-9B66-4FCF-816A-C3A63A3BB5C7}.Release|x86.Deploy.0 = Release|x86
		{DE679F12-DF66-4753-A0B1-9E2AF25FB6A1}.Ad-Hoc|Any CPU.ActiveCfg = Debug|Any CPU
		{DE679F12-DF66-4753-A0B1-9E2AF25FB6A1}.Ad-Hoc|Any CPU.Build.0 = Debug|Any CPU
		{DE679F12-DF66-4753-A0B1-9E2AF25FB6A1}.Ad-Hoc|ARM.ActiveCfg = Debug|Any CPU
		{DE679F12-DF66-4753-A0B1-9E2AF25FB6A1}.Ad-Hoc|ARM.Build.0 = Debug|Any CPU
		{DE679F12-DF66-4753-A0B1-9E2AF25FB6A1}.Ad-Hoc|iPhone.ActiveCfg = Debug|Any CPU
		{DE679F12-DF66-4753-A0B1-9E2AF25FB6A1}.Ad-Hoc|iPhone.Build.0 = Debug|Any CPU
		{DE679F12-DF66-4753-A0B1-9E2AF25FB6A1}.Ad-Hoc|iPhoneSimulator.ActiveCfg = Debug|Any CPU
		{DE679F12-DF66-4753-A0B1-9E2AF25FB6A1}.Ad-Hoc|iPhoneSimulator.Build.0 = Debug|Any CPU
		{DE679F12-DF66-4753-A0B1-9E2AF25FB6A1}.Ad-Hoc|x64.ActiveCfg = Debug|Any CPU
		{DE679F12-DF66-4753-A0B1-9E2AF25FB6A1}.Ad-Hoc|x64.Build.0 = Debug|Any CPU
		{DE679F12-DF66-4753-A0B1-9E2AF25FB6A1}.Ad-Hoc|x86.ActiveCfg = Debug|Any CPU
		{DE679F12-DF66-4753-A0B1-9E2AF25FB6A1}.Ad-Hoc|x86.Build.0 = Debug|Any CPU
		{DE679F12-DF66-4753-A0B1-9E2AF25FB6A1}.AppStore|Any CPU.ActiveCfg = Debug|Any CPU
		{DE679F12-DF66-4753-A0B1-9E2AF25FB6A1}.AppStore|Any CPU.Build.0 = Debug|Any CPU
		{DE679F12-DF66-4753-A0B1-9E2AF25FB6A1}.AppStore|ARM.ActiveCfg = Debug|Any CPU
		{DE679F12-DF66-4753-A0B1-9E2AF25FB6A1}.AppStore|ARM.Build.0 = Debug|Any CPU
		{DE679F12-DF66-4753-A0B1-9E2AF25FB6A1}.AppStore|iPhone.ActiveCfg = Debug|Any CPU
		{DE679F12-DF66-4753-A0B1-9E2AF25FB6A1}.AppStore|iPhone.Build.0 = Debug|Any CPU
		{DE679F12-DF66-4753-A0B1-9E2AF25FB6A1}.AppStore|iPhoneSimulator.ActiveCfg = Debug|Any CPU
		{DE679F12-DF66-4753-A0B1-9E2AF25FB6A1}.AppStore|iPhoneSimulator.Build.0 = Debug|Any CPU
		{DE679F12-DF66-4753-A0B1-9E2AF25FB6A1}.AppStore|x64.ActiveCfg = Debug|Any CPU
		{DE679F12-DF66-4753-A0B1-9E2AF25FB6A1}.AppStore|x64.Build.0 = Debug|Any CPU
		{DE679F12-DF66-4753-A0B1-9E2AF25FB6A1}.AppStore|x86.ActiveCfg = Debug|Any CPU
		{DE679F12-DF66-4753-A0B1-9E2AF25FB6A1}.AppStore|x86.Build.0 = Debug|Any CPU
		{DE679F12-DF66-4753-A0B1-9E2AF25FB6A1}.Debug|Any CPU.ActiveCfg = Debug|Any CPU
		{DE679F12-DF66-4753-A0B1-9E2AF25FB6A1}.Debug|Any CPU.Build.0 = Debug|Any CPU
		{DE679F12-DF66-4753-A0B1-9E2AF25FB6A1}.Debug|ARM.ActiveCfg = Debug|Any CPU
		{DE679F12-DF66-4753-A0B1-9E2AF25FB6A1}.Debug|ARM.Build.0 = Debug|Any CPU
		{DE679F12-DF66-4753-A0B1-9E2AF25FB6A1}.Debug|iPhone.ActiveCfg = Debug|Any CPU
		{DE679F12-DF66-4753-A0B1-9E2AF25FB6A1}.Debug|iPhone.Build.0 = Debug|Any CPU
		{DE679F12-DF66-4753-A0B1-9E2AF25FB6A1}.Debug|iPhoneSimulator.ActiveCfg = Debug|Any CPU
		{DE679F12-DF66-4753-A0B1-9E2AF25FB6A1}.Debug|iPhoneSimulator.Build.0 = Debug|Any CPU
		{DE679F12-DF66-4753-A0B1-9E2AF25FB6A1}.Debug|x64.ActiveCfg = Debug|Any CPU
		{DE679F12-DF66-4753-A0B1-9E2AF25FB6A1}.Debug|x64.Build.0 = Debug|Any CPU
		{DE679F12-DF66-4753-A0B1-9E2AF25FB6A1}.Debug|x86.ActiveCfg = Debug|Any CPU
		{DE679F12-DF66-4753-A0B1-9E2AF25FB6A1}.Debug|x86.Build.0 = Debug|Any CPU
		{DE679F12-DF66-4753-A0B1-9E2AF25FB6A1}.Release|Any CPU.ActiveCfg = Release|Any CPU
		{DE679F12-DF66-4753-A0B1-9E2AF25FB6A1}.Release|Any CPU.Build.0 = Release|Any CPU
		{DE679F12-DF66-4753-A0B1-9E2AF25FB6A1}.Release|ARM.ActiveCfg = Release|Any CPU
		{DE679F12-DF66-4753-A0B1-9E2AF25FB6A1}.Release|ARM.Build.0 = Release|Any CPU
		{DE679F12-DF66-4753-A0B1-9E2AF25FB6A1}.Release|iPhone.ActiveCfg = Release|Any CPU
		{DE679F12-DF66-4753-A0B1-9E2AF25FB6A1}.Release|iPhone.Build.0 = Release|Any CPU
		{DE679F12-DF66-4753-A0B1-9E2AF25FB6A1}.Release|iPhoneSimulator.ActiveCfg = Release|Any CPU
		{DE679F12-DF66-4753-A0B1-9E2AF25FB6A1}.Release|iPhoneSimulator.Build.0 = Release|Any CPU
		{DE679F12-DF66-4753-A0B1-9E2AF25FB6A1}.Release|x64.ActiveCfg = Release|Any CPU
		{DE679F12-DF66-4753-A0B1-9E2AF25FB6A1}.Release|x64.Build.0 = Release|Any CPU
		{DE679F12-DF66-4753-A0B1-9E2AF25FB6A1}.Release|x86.ActiveCfg = Release|Any CPU
		{DE679F12-DF66-4753-A0B1-9E2AF25FB6A1}.Release|x86.Build.0 = Release|Any CPU
		{D233E805-E853-414D-ABC1-ABEA35F9DE46}.Ad-Hoc|Any CPU.ActiveCfg = Debug|Any CPU
		{D233E805-E853-414D-ABC1-ABEA35F9DE46}.Ad-Hoc|Any CPU.Build.0 = Debug|Any CPU
		{D233E805-E853-414D-ABC1-ABEA35F9DE46}.Ad-Hoc|ARM.ActiveCfg = Debug|Any CPU
		{D233E805-E853-414D-ABC1-ABEA35F9DE46}.Ad-Hoc|ARM.Build.0 = Debug|Any CPU
		{D233E805-E853-414D-ABC1-ABEA35F9DE46}.Ad-Hoc|iPhone.ActiveCfg = Debug|Any CPU
		{D233E805-E853-414D-ABC1-ABEA35F9DE46}.Ad-Hoc|iPhone.Build.0 = Debug|Any CPU
		{D233E805-E853-414D-ABC1-ABEA35F9DE46}.Ad-Hoc|iPhoneSimulator.ActiveCfg = Debug|Any CPU
		{D233E805-E853-414D-ABC1-ABEA35F9DE46}.Ad-Hoc|iPhoneSimulator.Build.0 = Debug|Any CPU
		{D233E805-E853-414D-ABC1-ABEA35F9DE46}.Ad-Hoc|x64.ActiveCfg = Debug|Any CPU
		{D233E805-E853-414D-ABC1-ABEA35F9DE46}.Ad-Hoc|x64.Build.0 = Debug|Any CPU
		{D233E805-E853-414D-ABC1-ABEA35F9DE46}.Ad-Hoc|x86.ActiveCfg = Debug|Any CPU
		{D233E805-E853-414D-ABC1-ABEA35F9DE46}.Ad-Hoc|x86.Build.0 = Debug|Any CPU
		{D233E805-E853-414D-ABC1-ABEA35F9DE46}.AppStore|Any CPU.ActiveCfg = Debug|Any CPU
		{D233E805-E853-414D-ABC1-ABEA35F9DE46}.AppStore|Any CPU.Build.0 = Debug|Any CPU
		{D233E805-E853-414D-ABC1-ABEA35F9DE46}.AppStore|ARM.ActiveCfg = Debug|Any CPU
		{D233E805-E853-414D-ABC1-ABEA35F9DE46}.AppStore|ARM.Build.0 = Debug|Any CPU
		{D233E805-E853-414D-ABC1-ABEA35F9DE46}.AppStore|iPhone.ActiveCfg = Debug|Any CPU
		{D233E805-E853-414D-ABC1-ABEA35F9DE46}.AppStore|iPhone.Build.0 = Debug|Any CPU
		{D233E805-E853-414D-ABC1-ABEA35F9DE46}.AppStore|iPhoneSimulator.ActiveCfg = Debug|Any CPU
		{D233E805-E853-414D-ABC1-ABEA35F9DE46}.AppStore|iPhoneSimulator.Build.0 = Debug|Any CPU
		{D233E805-E853-414D-ABC1-ABEA35F9DE46}.AppStore|x64.ActiveCfg = Debug|Any CPU
		{D233E805-E853-414D-ABC1-ABEA35F9DE46}.AppStore|x64.Build.0 = Debug|Any CPU
		{D233E805-E853-414D-ABC1-ABEA35F9DE46}.AppStore|x86.ActiveCfg = Debug|Any CPU
		{D233E805-E853-414D-ABC1-ABEA35F9DE46}.AppStore|x86.Build.0 = Debug|Any CPU
		{D233E805-E853-414D-ABC1-ABEA35F9DE46}.Debug|Any CPU.ActiveCfg = Debug|Any CPU
		{D233E805-E853-414D-ABC1-ABEA35F9DE46}.Debug|Any CPU.Build.0 = Debug|Any CPU
		{D233E805-E853-414D-ABC1-ABEA35F9DE46}.Debug|ARM.ActiveCfg = Debug|Any CPU
		{D233E805-E853-414D-ABC1-ABEA35F9DE46}.Debug|ARM.Build.0 = Debug|Any CPU
		{D233E805-E853-414D-ABC1-ABEA35F9DE46}.Debug|iPhone.ActiveCfg = Debug|Any CPU
		{D233E805-E853-414D-ABC1-ABEA35F9DE46}.Debug|iPhone.Build.0 = Debug|Any CPU
		{D233E805-E853-414D-ABC1-ABEA35F9DE46}.Debug|iPhoneSimulator.ActiveCfg = Debug|Any CPU
		{D233E805-E853-414D-ABC1-ABEA35F9DE46}.Debug|iPhoneSimulator.Build.0 = Debug|Any CPU
		{D233E805-E853-414D-ABC1-ABEA35F9DE46}.Debug|x64.ActiveCfg = Debug|Any CPU
		{D233E805-E853-414D-ABC1-ABEA35F9DE46}.Debug|x64.Build.0 = Debug|Any CPU
		{D233E805-E853-414D-ABC1-ABEA35F9DE46}.Debug|x86.ActiveCfg = Debug|Any CPU
		{D233E805-E853-414D-ABC1-ABEA35F9DE46}.Debug|x86.Build.0 = Debug|Any CPU
		{D233E805-E853-414D-ABC1-ABEA35F9DE46}.Release|Any CPU.ActiveCfg = Release|Any CPU
		{D233E805-E853-414D-ABC1-ABEA35F9DE46}.Release|Any CPU.Build.0 = Release|Any CPU
		{D233E805-E853-414D-ABC1-ABEA35F9DE46}.Release|ARM.ActiveCfg = Release|Any CPU
		{D233E805-E853-414D-ABC1-ABEA35F9DE46}.Release|ARM.Build.0 = Release|Any CPU
		{D233E805-E853-414D-ABC1-ABEA35F9DE46}.Release|iPhone.ActiveCfg = Release|Any CPU
		{D233E805-E853-414D-ABC1-ABEA35F9DE46}.Release|iPhone.Build.0 = Release|Any CPU
		{D233E805-E853-414D-ABC1-ABEA35F9DE46}.Release|iPhoneSimulator.ActiveCfg = Release|Any CPU
		{D233E805-E853-414D-ABC1-ABEA35F9DE46}.Release|iPhoneSimulator.Build.0 = Release|Any CPU
		{D233E805-E853-414D-ABC1-ABEA35F9DE46}.Release|x64.ActiveCfg = Release|Any CPU
		{D233E805-E853-414D-ABC1-ABEA35F9DE46}.Release|x64.Build.0 = Release|Any CPU
		{D233E805-E853-414D-ABC1-ABEA35F9DE46}.Release|x86.ActiveCfg = Release|Any CPU
		{D233E805-E853-414D-ABC1-ABEA35F9DE46}.Release|x86.Build.0 = Release|Any CPU
		{444FF5B7-935B-43EE-A075-A469CBE6E30A}.Ad-Hoc|Any CPU.ActiveCfg = Release|Any CPU
		{444FF5B7-935B-43EE-A075-A469CBE6E30A}.Ad-Hoc|Any CPU.Build.0 = Release|Any CPU
		{444FF5B7-935B-43EE-A075-A469CBE6E30A}.Ad-Hoc|ARM.ActiveCfg = Release|Any CPU
		{444FF5B7-935B-43EE-A075-A469CBE6E30A}.Ad-Hoc|ARM.Build.0 = Release|Any CPU
		{444FF5B7-935B-43EE-A075-A469CBE6E30A}.Ad-Hoc|iPhone.ActiveCfg = Release|Any CPU
		{444FF5B7-935B-43EE-A075-A469CBE6E30A}.Ad-Hoc|iPhone.Build.0 = Release|Any CPU
		{444FF5B7-935B-43EE-A075-A469CBE6E30A}.Ad-Hoc|iPhoneSimulator.ActiveCfg = Release|Any CPU
		{444FF5B7-935B-43EE-A075-A469CBE6E30A}.Ad-Hoc|iPhoneSimulator.Build.0 = Release|Any CPU
		{444FF5B7-935B-43EE-A075-A469CBE6E30A}.Ad-Hoc|x64.ActiveCfg = Release|Any CPU
		{444FF5B7-935B-43EE-A075-A469CBE6E30A}.Ad-Hoc|x64.Build.0 = Release|Any CPU
		{444FF5B7-935B-43EE-A075-A469CBE6E30A}.Ad-Hoc|x86.ActiveCfg = Release|Any CPU
		{444FF5B7-935B-43EE-A075-A469CBE6E30A}.Ad-Hoc|x86.Build.0 = Release|Any CPU
		{444FF5B7-935B-43EE-A075-A469CBE6E30A}.AppStore|Any CPU.ActiveCfg = Release|Any CPU
		{444FF5B7-935B-43EE-A075-A469CBE6E30A}.AppStore|Any CPU.Build.0 = Release|Any CPU
		{444FF5B7-935B-43EE-A075-A469CBE6E30A}.AppStore|ARM.ActiveCfg = Release|Any CPU
		{444FF5B7-935B-43EE-A075-A469CBE6E30A}.AppStore|ARM.Build.0 = Release|Any CPU
		{444FF5B7-935B-43EE-A075-A469CBE6E30A}.AppStore|iPhone.ActiveCfg = Release|Any CPU
		{444FF5B7-935B-43EE-A075-A469CBE6E30A}.AppStore|iPhone.Build.0 = Release|Any CPU
		{444FF5B7-935B-43EE-A075-A469CBE6E30A}.AppStore|iPhoneSimulator.ActiveCfg = Release|Any CPU
		{444FF5B7-935B-43EE-A075-A469CBE6E30A}.AppStore|iPhoneSimulator.Build.0 = Release|Any CPU
		{444FF5B7-935B-43EE-A075-A469CBE6E30A}.AppStore|x64.ActiveCfg = Release|Any CPU
		{444FF5B7-935B-43EE-A075-A469CBE6E30A}.AppStore|x64.Build.0 = Release|Any CPU
		{444FF5B7-935B-43EE-A075-A469CBE6E30A}.AppStore|x86.ActiveCfg = Release|Any CPU
		{444FF5B7-935B-43EE-A075-A469CBE6E30A}.AppStore|x86.Build.0 = Release|Any CPU
		{444FF5B7-935B-43EE-A075-A469CBE6E30A}.Debug|Any CPU.ActiveCfg = Debug|Any CPU
		{444FF5B7-935B-43EE-A075-A469CBE6E30A}.Debug|Any CPU.Build.0 = Debug|Any CPU
		{444FF5B7-935B-43EE-A075-A469CBE6E30A}.Debug|ARM.ActiveCfg = Debug|Any CPU
		{444FF5B7-935B-43EE-A075-A469CBE6E30A}.Debug|ARM.Build.0 = Debug|Any CPU
		{444FF5B7-935B-43EE-A075-A469CBE6E30A}.Debug|iPhone.ActiveCfg = Debug|Any CPU
		{444FF5B7-935B-43EE-A075-A469CBE6E30A}.Debug|iPhone.Build.0 = Debug|Any CPU
		{444FF5B7-935B-43EE-A075-A469CBE6E30A}.Debug|iPhoneSimulator.ActiveCfg = Debug|Any CPU
		{444FF5B7-935B-43EE-A075-A469CBE6E30A}.Debug|iPhoneSimulator.Build.0 = Debug|Any CPU
		{444FF5B7-935B-43EE-A075-A469CBE6E30A}.Debug|x64.ActiveCfg = Debug|Any CPU
		{444FF5B7-935B-43EE-A075-A469CBE6E30A}.Debug|x64.Build.0 = Debug|Any CPU
		{444FF5B7-935B-43EE-A075-A469CBE6E30A}.Debug|x86.ActiveCfg = Debug|Any CPU
		{444FF5B7-935B-43EE-A075-A469CBE6E30A}.Debug|x86.Build.0 = Debug|Any CPU
		{444FF5B7-935B-43EE-A075-A469CBE6E30A}.Release|Any CPU.ActiveCfg = Release|Any CPU
		{444FF5B7-935B-43EE-A075-A469CBE6E30A}.Release|Any CPU.Build.0 = Release|Any CPU
		{444FF5B7-935B-43EE-A075-A469CBE6E30A}.Release|ARM.ActiveCfg = Release|Any CPU
		{444FF5B7-935B-43EE-A075-A469CBE6E30A}.Release|ARM.Build.0 = Release|Any CPU
		{444FF5B7-935B-43EE-A075-A469CBE6E30A}.Release|iPhone.ActiveCfg = Release|Any CPU
		{444FF5B7-935B-43EE-A075-A469CBE6E30A}.Release|iPhone.Build.0 = Release|Any CPU
		{444FF5B7-935B-43EE-A075-A469CBE6E30A}.Release|iPhoneSimulator.ActiveCfg = Release|Any CPU
		{444FF5B7-935B-43EE-A075-A469CBE6E30A}.Release|iPhoneSimulator.Build.0 = Release|Any CPU
		{444FF5B7-935B-43EE-A075-A469CBE6E30A}.Release|x64.ActiveCfg = Release|Any CPU
		{444FF5B7-935B-43EE-A075-A469CBE6E30A}.Release|x64.Build.0 = Release|Any CPU
		{444FF5B7-935B-43EE-A075-A469CBE6E30A}.Release|x86.ActiveCfg = Release|Any CPU
		{444FF5B7-935B-43EE-A075-A469CBE6E30A}.Release|x86.Build.0 = Release|Any CPU
	EndGlobalSection
	GlobalSection(SolutionProperties) = preSolution
		HideSolutionNode = FALSE
	EndGlobalSection
	GlobalSection(ExtensibilityGlobals) = postSolution
		SolutionGuid = {466FE89F-A8A8-48D7-8BA9-1CC6F7B325C7}
	EndGlobalSection
EndGlobal
